// !$*UTF8*$!
{
	archiveVersion = 1;
	classes = {
	};
	objectVersion = 46;
	objects = {

/* Begin PBXAggregateTarget section */
		47962A8B95E44A93A8642876 /* ZERO_CHECK */ = {
			isa = PBXAggregateTarget;
			buildConfigurationList = AE2C0DC8797F447B9E5D38F0 /* Build configuration list for PBXAggregateTarget "ZERO_CHECK" */;
			buildPhases = (
				93C5CF05E4F54106B5AD2743 /* CMake Rules */,
			);
			dependencies = (
			);
			name = ZERO_CHECK;
			productName = ZERO_CHECK;
		};
		A5103C582CA24267B7F0974D /* ALL_BUILD */ = {
			isa = PBXAggregateTarget;
			buildConfigurationList = 4296BC4B6419448681F82640 /* Build configuration list for PBXAggregateTarget "ALL_BUILD" */;
			buildPhases = (
				85BB3F872C294165AF45B2EF /* CMake Rules */,
			);
			dependencies = (
				24737C1D8A3044D1A1AB66BC /* PBXTargetDependency */,
				C635B05B62D848C6BC8E2EBA /* PBXTargetDependency */,
			);
			name = ALL_BUILD;
			productName = ALL_BUILD;
		};
/* End PBXAggregateTarget section */

/* Begin PBXBuildFile section */
		35C5114DD22246CBB3C0BB94 /* /Users/albertoescarlate/Dropbox/Udacity/_SDC_ND013/CARND-AllTerms-projects/CARND-Term2-projects/CarND-PID-Control-Project/src/pid.h */ = {isa = PBXBuildFile; fileRef = 48FE5784F6D142E49BC48C29 /* /Users/albertoescarlate/Dropbox/Udacity/_SDC_ND013/CARND-AllTerms-projects/CARND-Term2-projects/CarND-PID-Control-Project/src/pid.h */; };
		47F6EB8C56B046A0B1885B7D /* /Users/albertoescarlate/Dropbox/Udacity/_SDC_ND013/CARND-AllTerms-projects/CARND-Term2-projects/CarND-PID-Control-Project/src/main.cpp */ = {isa = PBXBuildFile; fileRef = 6141F50907E541738EA77759 /* /Users/albertoescarlate/Dropbox/Udacity/_SDC_ND013/CARND-AllTerms-projects/CARND-Term2-projects/CarND-PID-Control-Project/src/main.cpp */; };
		EE48E486593A47B3A2591923 /* /Users/albertoescarlate/Dropbox/Udacity/_SDC_ND013/CARND-AllTerms-projects/CARND-Term2-projects/CarND-PID-Control-Project/CMakeLists.txt */ = {isa = PBXBuildFile; fileRef = 30030F36CFCC4599AF65D5C2 /* /Users/albertoescarlate/Dropbox/Udacity/_SDC_ND013/CARND-AllTerms-projects/CARND-Term2-projects/CarND-PID-Control-Project/CMakeLists.txt */; };
		EF83FD757EF34691A0A270A1 /* /Users/albertoescarlate/Dropbox/Udacity/_SDC_ND013/CARND-AllTerms-projects/CARND-Term2-projects/CarND-PID-Control-Project/src/PID.cpp */ = {isa = PBXBuildFile; fileRef = 70D56FD4AE1142168F040667 /* /Users/albertoescarlate/Dropbox/Udacity/_SDC_ND013/CARND-AllTerms-projects/CARND-Term2-projects/CarND-PID-Control-Project/src/PID.cpp */; };
/* End PBXBuildFile section */

/* Begin PBXBuildStyle section */
		756CC38B718A49D49A497E0B /* MinSizeRel */ = {
			isa = PBXBuildStyle;
			buildSettings = {
				COPY_PHASE_STRIP = NO;
			};
			name = MinSizeRel;
		};
		C612932B37E8477486FF7530 /* RelWithDebInfo */ = {
			isa = PBXBuildStyle;
			buildSettings = {
				COPY_PHASE_STRIP = NO;
			};
			name = RelWithDebInfo;
		};
		D684B1C90FB14B669238F16A /* Release */ = {
			isa = PBXBuildStyle;
			buildSettings = {
				COPY_PHASE_STRIP = NO;
			};
			name = Release;
		};
		EC4F7AD49BF5487FA336A769 /* Debug */ = {
			isa = PBXBuildStyle;
			buildSettings = {
				COPY_PHASE_STRIP = NO;
			};
			name = Debug;
		};
/* End PBXBuildStyle section */

/* Begin PBXContainerItemProxy section */
		0A270D9B87034129AE1C59D2 /* PBXContainerItemProxy */ = {
			isa = PBXContainerItemProxy;
			containerPortal = 7F3A39AF52BF4778927DDBD9 /* Project object */;
			proxyType = 1;
			remoteGlobalIDString = 7DAFCCA940BE42E6B27A8293;
			remoteInfo = pid;
		};
		1A1D6C83709B4E25977F8419 /* PBXContainerItemProxy */ = {
			isa = PBXContainerItemProxy;
			containerPortal = 7F3A39AF52BF4778927DDBD9 /* Project object */;
			proxyType = 1;
			remoteGlobalIDString = 47962A8B95E44A93A8642876;
			remoteInfo = ZERO_CHECK;
		};
		6B45B980FCDD44E98245D713 /* PBXContainerItemProxy */ = {
			isa = PBXContainerItemProxy;
			containerPortal = 7F3A39AF52BF4778927DDBD9 /* Project object */;
			proxyType = 1;
			remoteGlobalIDString = 47962A8B95E44A93A8642876;
			remoteInfo = ZERO_CHECK;
		};
/* End PBXContainerItemProxy section */

/* Begin PBXFileReference section */
		18ED5A4FB95A400E87E10727 /* /Users/albertoescarlate/Dropbox/Udacity/_SDC_ND013/CARND-AllTerms-projects/CARND-Term2-projects/CarND-PID-Control-Project/CMakeLists.txt */ = {isa = PBXFileReference; explicitFileType = sourcecode.text; fileEncoding = 4; name = CMakeLists.txt; path = CMakeLists.txt; sourceTree = SOURCE_ROOT; };
		30030F36CFCC4599AF65D5C2 /* /Users/albertoescarlate/Dropbox/Udacity/_SDC_ND013/CARND-AllTerms-projects/CARND-Term2-projects/CarND-PID-Control-Project/CMakeLists.txt */ = {isa = PBXFileReference; explicitFileType = sourcecode.text; fileEncoding = 4; name = CMakeLists.txt; path = CMakeLists.txt; sourceTree = SOURCE_ROOT; };
		30B957B37B5640C8B4C21986 /* /Users/albertoescarlate/Dropbox/Udacity/_SDC_ND013/CARND-AllTerms-projects/CARND-Term2-projects/CarND-PID-Control-Project/CMakeLists.txt */ = {isa = PBXFileReference; explicitFileType = sourcecode.text; fileEncoding = 4; name = CMakeLists.txt; path = CMakeLists.txt; sourceTree = SOURCE_ROOT; };
		31F77811AEFE40BDBF7DF951 /* pid */ = {isa = PBXFileReference; explicitFileType = "compiled.mach-o.executable"; path = pid; sourceTree = BUILT_PRODUCTS_DIR; };
		48FE5784F6D142E49BC48C29 /* /Users/albertoescarlate/Dropbox/Udacity/_SDC_ND013/CARND-AllTerms-projects/CARND-Term2-projects/CarND-PID-Control-Project/src/pid.h */ = {isa = PBXFileReference; explicitFileType = sourcecode.c.h; fileEncoding = 4; name = pid.h; path = src/pid.h; sourceTree = SOURCE_ROOT; };
		6141F50907E541738EA77759 /* /Users/albertoescarlate/Dropbox/Udacity/_SDC_ND013/CARND-AllTerms-projects/CARND-Term2-projects/CarND-PID-Control-Project/src/main.cpp */ = {isa = PBXFileReference; explicitFileType = sourcecode.cpp.cpp; fileEncoding = 4; name = main.cpp; path = src/main.cpp; sourceTree = SOURCE_ROOT; };
		70D56FD4AE1142168F040667 /* /Users/albertoescarlate/Dropbox/Udacity/_SDC_ND013/CARND-AllTerms-projects/CARND-Term2-projects/CarND-PID-Control-Project/src/PID.cpp */ = {isa = PBXFileReference; explicitFileType = sourcecode.cpp.cpp; fileEncoding = 4; name = PID.cpp; path = src/PID.cpp; sourceTree = SOURCE_ROOT; };
/* End PBXFileReference section */

/* Begin PBXGroup section */
		058F1528B30845649BB41262 /* CMake Rules */ = {
			isa = PBXGroup;
			children = (
			);
			name = "CMake Rules";
			sourceTree = "<group>";
		};
		1CE63DD09D1C47E0BCF3B405 = {
			isa = PBXGroup;
			children = (
				3B8DDB31C28E4184899017DE /* pid */,
				46F2EB5608C74AC0900F9829 /* ALL_BUILD */,
				D2AE5F133BD44527A9D9A2EB /* ZERO_CHECK */,
				6F42AFBB514B42819CE1E928 /* Products */,
			);
			sourceTree = "<group>";
		};
		3B8DDB31C28E4184899017DE /* pid */ = {
			isa = PBXGroup;
			children = (
				537660E64DD54D418C4E1ABB /* Source Files */,
				6438E161A3394DCB8303756A /* Header Files */,
				30030F36CFCC4599AF65D5C2 /* /Users/albertoescarlate/Dropbox/Udacity/_SDC_ND013/CARND-AllTerms-projects/CARND-Term2-projects/CarND-PID-Control-Project/CMakeLists.txt */,
			);
			name = pid;
			sourceTree = "<group>";
		};
		46F2EB5608C74AC0900F9829 /* ALL_BUILD */ = {
			isa = PBXGroup;
			children = (
				058F1528B30845649BB41262 /* CMake Rules */,
				18ED5A4FB95A400E87E10727 /* /Users/albertoescarlate/Dropbox/Udacity/_SDC_ND013/CARND-AllTerms-projects/CARND-Term2-projects/CarND-PID-Control-Project/CMakeLists.txt */,
			);
			name = ALL_BUILD;
			sourceTree = "<group>";
		};
		537660E64DD54D418C4E1ABB /* Source Files */ = {
			isa = PBXGroup;
			children = (
				70D56FD4AE1142168F040667 /* /Users/albertoescarlate/Dropbox/Udacity/_SDC_ND013/CARND-AllTerms-projects/CARND-Term2-projects/CarND-PID-Control-Project/src/PID.cpp */,
				6141F50907E541738EA77759 /* /Users/albertoescarlate/Dropbox/Udacity/_SDC_ND013/CARND-AllTerms-projects/CARND-Term2-projects/CarND-PID-Control-Project/src/main.cpp */,
			);
			name = "Source Files";
			sourceTree = "<group>";
		};
		6438E161A3394DCB8303756A /* Header Files */ = {
			isa = PBXGroup;
			children = (
				48FE5784F6D142E49BC48C29 /* /Users/albertoescarlate/Dropbox/Udacity/_SDC_ND013/CARND-AllTerms-projects/CARND-Term2-projects/CarND-PID-Control-Project/src/pid.h */,
			);
			name = "Header Files";
			sourceTree = "<group>";
		};
		6F42AFBB514B42819CE1E928 /* Products */ = {
			isa = PBXGroup;
			children = (
				31F77811AEFE40BDBF7DF951 /* pid */,
			);
			name = Products;
			sourceTree = "<group>";
		};
		D2AE5F133BD44527A9D9A2EB /* ZERO_CHECK */ = {
			isa = PBXGroup;
			children = (
				E3A721CEA5DC43A6A5FC0C08 /* CMake Rules */,
				30B957B37B5640C8B4C21986 /* /Users/albertoescarlate/Dropbox/Udacity/_SDC_ND013/CARND-AllTerms-projects/CARND-Term2-projects/CarND-PID-Control-Project/CMakeLists.txt */,
			);
			name = ZERO_CHECK;
			sourceTree = "<group>";
		};
		E3A721CEA5DC43A6A5FC0C08 /* CMake Rules */ = {
			isa = PBXGroup;
			children = (
			);
			name = "CMake Rules";
			sourceTree = "<group>";
		};
/* End PBXGroup section */

/* Begin PBXNativeTarget section */
		7DAFCCA940BE42E6B27A8293 /* pid */ = {
			isa = PBXNativeTarget;
			buildConfigurationList = EDD003F44757405EBBDFF9F0 /* Build configuration list for PBXNativeTarget "pid" */;
			buildPhases = (
				0D03837BAE5247508D6D2B5A /* Sources */,
			);
			buildRules = (
			);
			dependencies = (
				34C0DAE6C4D54BCA91D21975 /* PBXTargetDependency */,
			);
			name = pid;
			productName = pid;
			productReference = 31F77811AEFE40BDBF7DF951 /* pid */;
			productType = "com.apple.product-type.tool";
		};
/* End PBXNativeTarget section */

/* Begin PBXProject section */
		7F3A39AF52BF4778927DDBD9 /* Project object */ = {
			isa = PBXProject;
			attributes = {
				BuildIndependentTargetsInParallel = YES;
				LastUpgradeCheck = 0920;
			};
			buildConfigurationList = 9F8A02D3D62F46E98F5F8FAD /* Build configuration list for PBXProject "PID" */;
			buildSettings = {
			};
			buildStyles = (
				EC4F7AD49BF5487FA336A769 /* Debug */,
				D684B1C90FB14B669238F16A /* Release */,
				756CC38B718A49D49A497E0B /* MinSizeRel */,
				C612932B37E8477486FF7530 /* RelWithDebInfo */,
			);
			compatibilityVersion = "Xcode 3.2";
			hasScannedForEncodings = 0;
			mainGroup = 1CE63DD09D1C47E0BCF3B405;
			projectDirPath = ../;
			projectRoot = "";
			targets = (
				A5103C582CA24267B7F0974D /* ALL_BUILD */,
				47962A8B95E44A93A8642876 /* ZERO_CHECK */,
				7DAFCCA940BE42E6B27A8293 /* pid */,
			);
		};
/* End PBXProject section */

/* Begin PBXShellScriptBuildPhase section */
		24AA08BC297643DC899CAFB8 = {
			isa = PBXShellScriptBuildPhase;
			buildActionMask = 2147483647;
			files = (
			);
			inputPaths = (
			);
			outputPaths = (
			);
			runOnlyForDeploymentPostprocessing = 0;
			shellPath = /bin/sh;
			shellScript = "# shell script goes here
exit 0";
			showEnvVarsInLog = 0;
		};
		85BB3F872C294165AF45B2EF /* CMake Rules */ = {
			isa = PBXShellScriptBuildPhase;
			buildActionMask = 2147483647;
			files = (
			);
			name = "CMake Rules";
			runOnlyForDeploymentPostprocessing = 0;
			shellPath = /bin/sh;
			shellScript = "make -C /Users/albertoescarlate/Dropbox/Udacity/_SDC_ND013/CARND-AllTerms-projects/CARND-Term2-projects/CarND-PID-Control-Project/build_Xcode -f /Users/albertoescarlate/Dropbox/Udacity/_SDC_ND013/CARND-AllTerms-projects/CARND-Term2-projects/CarND-PID-Control-Project/build_Xcode/CMakeScripts/ALL_BUILD_cmakeRulesBuildPhase.make$CONFIGURATION all";
			showEnvVarsInLog = 0;
		};
		93C5CF05E4F54106B5AD2743 /* CMake Rules */ = {
			isa = PBXShellScriptBuildPhase;
			buildActionMask = 2147483647;
			files = (
			);
			name = "CMake Rules";
			runOnlyForDeploymentPostprocessing = 0;
			shellPath = /bin/sh;
			shellScript = "make -C /Users/albertoescarlate/Dropbox/Udacity/_SDC_ND013/CARND-AllTerms-projects/CARND-Term2-projects/CarND-PID-Control-Project/build_Xcode -f /Users/albertoescarlate/Dropbox/Udacity/_SDC_ND013/CARND-AllTerms-projects/CARND-Term2-projects/CarND-PID-Control-Project/build_Xcode/CMakeScripts/ZERO_CHECK_cmakeRulesBuildPhase.make$CONFIGURATION all";
			showEnvVarsInLog = 0;
		};
		9C8B6319E6D944B2A19802C5 = {
			isa = PBXShellScriptBuildPhase;
			buildActionMask = 2147483647;
			files = (
			);
			inputPaths = (
			);
			outputPaths = (
			);
			runOnlyForDeploymentPostprocessing = 0;
			shellPath = /bin/sh;
			shellScript = "# shell script goes here
exit 0";
			showEnvVarsInLog = 0;
		};
/* End PBXShellScriptBuildPhase section */

/* Begin PBXSourcesBuildPhase section */
		0D03837BAE5247508D6D2B5A /* Sources */ = {
			isa = PBXSourcesBuildPhase;
			buildActionMask = 2147483647;
			files = (
				EF83FD757EF34691A0A270A1 /* /Users/albertoescarlate/Dropbox/Udacity/_SDC_ND013/CARND-AllTerms-projects/CARND-Term2-projects/CarND-PID-Control-Project/src/PID.cpp */,
				47F6EB8C56B046A0B1885B7D /* /Users/albertoescarlate/Dropbox/Udacity/_SDC_ND013/CARND-AllTerms-projects/CARND-Term2-projects/CarND-PID-Control-Project/src/main.cpp */,
			);
			runOnlyForDeploymentPostprocessing = 0;
		};
/* End PBXSourcesBuildPhase section */

/* Begin PBXTargetDependency section */
		24737C1D8A3044D1A1AB66BC /* PBXTargetDependency */ = {
			isa = PBXTargetDependency;
			target = 7DAFCCA940BE42E6B27A8293 /* pid */;
			targetProxy = 0A270D9B87034129AE1C59D2 /* PBXContainerItemProxy */;
		};
		34C0DAE6C4D54BCA91D21975 /* PBXTargetDependency */ = {
			isa = PBXTargetDependency;
			target = 47962A8B95E44A93A8642876 /* ZERO_CHECK */;
			targetProxy = 1A1D6C83709B4E25977F8419 /* PBXContainerItemProxy */;
		};
		C635B05B62D848C6BC8E2EBA /* PBXTargetDependency */ = {
			isa = PBXTargetDependency;
			target = 47962A8B95E44A93A8642876 /* ZERO_CHECK */;
			targetProxy = 6B45B980FCDD44E98245D713 /* PBXContainerItemProxy */;
		};
/* End PBXTargetDependency section */

/* Begin XCBuildConfiguration section */
		017DD2180BAE45ECB75B76B6 /* RelWithDebInfo */ = {
			isa = XCBuildConfiguration;
			buildSettings = {
				ONLY_ACTIVE_ARCH = YES;
				SDKROOT = /Applications/Xcode.app/Contents/Developer/Platforms/MacOSX.platform/Developer/SDKs/MacOSX10.13.sdk;
				SYMROOT = "/Users/albertoescarlate/Dropbox/Udacity/_SDC_ND013/CARND-AllTerms-projects/CARND-Term2-projects/CarND-PID-Control-Project/build_Xcode/build";
			};
			name = RelWithDebInfo;
		};
		2A969CC8EAA6426DB7DDF4FD /* MinSizeRel */ = {
			isa = XCBuildConfiguration;
			buildSettings = {
				COMBINE_HIDPI_IMAGES = YES;
				GCC_GENERATE_DEBUGGING_SYMBOLS = YES;
				GCC_INLINES_ARE_PRIVATE_EXTERN = NO;
				GCC_OPTIMIZATION_LEVEL = 0;
				GCC_PREPROCESSOR_DEFINITIONS = ("'CMAKE_INTDIR=\"$(CONFIGURATION)$(EFFECTIVE_PLATFORM_NAME)\"'");
				GCC_SYMBOLS_PRIVATE_EXTERN = NO;
				HEADER_SEARCH_PATHS = (/usr/local/include,/usr/local/opt/openssl/include);
				INSTALL_PATH = "";
				OTHER_LDFLAGS = " ";
				OTHER_REZFLAGS = "";
				PRODUCT_NAME = ALL_BUILD;
				SECTORDER_FLAGS = "";
				SYMROOT = "/Users/albertoescarlate/Dropbox/Udacity/_SDC_ND013/CARND-AllTerms-projects/CARND-Term2-projects/CarND-PID-Control-Project/build_Xcode";
				USE_HEADERMAP = NO;
				WARNING_CFLAGS = ("-Wmost","-Wno-four-char-constants","-Wno-unknown-pragmas","$(inherited)");
			};
			name = MinSizeRel;
		};
		3AD1B4C0ADE343AF9750CE71 /* Debug */ = {
			isa = XCBuildConfiguration;
			buildSettings = {
				ONLY_ACTIVE_ARCH = YES;
				SDKROOT = /Applications/Xcode.app/Contents/Developer/Platforms/MacOSX.platform/Developer/SDKs/MacOSX10.13.sdk;
				SYMROOT = "/Users/albertoescarlate/Dropbox/Udacity/_SDC_ND013/CARND-AllTerms-projects/CARND-Term2-projects/CarND-PID-Control-Project/build_Xcode/build";
			};
			name = Debug;
		};
		44DACA4C3AFA4C2899ACE2A0 /* Debug */ = {
			isa = XCBuildConfiguration;
			buildSettings = {
				COMBINE_HIDPI_IMAGES = YES;
				GCC_GENERATE_DEBUGGING_SYMBOLS = YES;
				GCC_INLINES_ARE_PRIVATE_EXTERN = NO;
				GCC_OPTIMIZATION_LEVEL = 0;
				GCC_PREPROCESSOR_DEFINITIONS = ("'CMAKE_INTDIR=\"$(CONFIGURATION)$(EFFECTIVE_PLATFORM_NAME)\"'");
				GCC_SYMBOLS_PRIVATE_EXTERN = NO;
				HEADER_SEARCH_PATHS = (/usr/local/include,/usr/local/opt/openssl/include);
				INSTALL_PATH = "";
				OTHER_LDFLAGS = " ";
				OTHER_REZFLAGS = "";
				PRODUCT_NAME = ALL_BUILD;
				SECTORDER_FLAGS = "";
				SYMROOT = "/Users/albertoescarlate/Dropbox/Udacity/_SDC_ND013/CARND-AllTerms-projects/CARND-Term2-projects/CarND-PID-Control-Project/build_Xcode";
				USE_HEADERMAP = NO;
				WARNING_CFLAGS = ("-Wmost","-Wno-four-char-constants","-Wno-unknown-pragmas","$(inherited)");
			};
			name = Debug;
		};
		58EEA31A06144EAF93295212 /* MinSizeRel */ = {
			isa = XCBuildConfiguration;
			buildSettings = {
				COMBINE_HIDPI_IMAGES = YES;
				EXECUTABLE_PREFIX = "";
				EXECUTABLE_SUFFIX = "";
				GCC_GENERATE_DEBUGGING_SYMBOLS = NO;
				GCC_INLINES_ARE_PRIVATE_EXTERN = NO;
				GCC_OPTIMIZATION_LEVEL = s;
				GCC_PREPROCESSOR_DEFINITIONS = ("'CMAKE_INTDIR=\"$(CONFIGURATION)$(EFFECTIVE_PLATFORM_NAME)\"'");
				GCC_SYMBOLS_PRIVATE_EXTERN = NO;
				HEADER_SEARCH_PATHS = (/usr/local/include,/usr/local/opt/openssl/include);
				INSTALL_PATH = "";
				LD_RUNPATH_SEARCH_PATHS = "/usr/local/lib /usr/local/opt/openssl/lib";
				LIBRARY_SEARCH_PATHS = " /usr/local/lib/$(CONFIGURATION)$(EFFECTIVE_PLATFORM_NAME) /usr/local/lib /usr/local/opt/openssl/lib/$(CONFIGURATION)$(EFFECTIVE_PLATFORM_NAME) /usr/local/opt/openssl/lib";
				OTHER_CPLUSPLUSFLAGS = "-Wall     -DNDEBUG   -std=c++11";
				OTHER_LDFLAGS = " -Wl,-search_paths_first -Wl,-headerpad_max_install_names  -lz -lssl -luv -luWS";
				OTHER_REZFLAGS = "";
				PRODUCT_NAME = pid;
				SECTORDER_FLAGS = "";
				SYMROOT = "/Users/albertoescarlate/Dropbox/Udacity/_SDC_ND013/CARND-AllTerms-projects/CARND-Term2-projects/CarND-PID-Control-Project/build_Xcode";
				USE_HEADERMAP = NO;
				WARNING_CFLAGS = ("-Wmost","-Wno-four-char-constants","-Wno-unknown-pragmas","$(inherited)");
			};
			name = MinSizeRel;
		};
		601A7180A68047F3ADFE930D /* RelWithDebInfo */ = {
			isa = XCBuildConfiguration;
			buildSettings = {
				COMBINE_HIDPI_IMAGES = YES;
				GCC_GENERATE_DEBUGGING_SYMBOLS = YES;
				GCC_INLINES_ARE_PRIVATE_EXTERN = NO;
				GCC_OPTIMIZATION_LEVEL = 0;
				GCC_PREPROCESSOR_DEFINITIONS = ("'CMAKE_INTDIR=\"$(CONFIGURATION)$(EFFECTIVE_PLATFORM_NAME)\"'");
				GCC_SYMBOLS_PRIVATE_EXTERN = NO;
				HEADER_SEARCH_PATHS = (/usr/local/include,/usr/local/opt/openssl/include);
				INSTALL_PATH = "";
				OTHER_LDFLAGS = " ";
				OTHER_REZFLAGS = "";
				PRODUCT_NAME = ALL_BUILD;
				SECTORDER_FLAGS = "";
				SYMROOT = "/Users/albertoescarlate/Dropbox/Udacity/_SDC_ND013/CARND-AllTerms-projects/CARND-Term2-projects/CarND-PID-Control-Project/build_Xcode";
				USE_HEADERMAP = NO;
				WARNING_CFLAGS = ("-Wmost","-Wno-four-char-constants","-Wno-unknown-pragmas","$(inherited)");
			};
			name = RelWithDebInfo;
		};
		8C16B2E68E1B40308A76E201 /* Release */ = {
			isa = XCBuildConfiguration;
			buildSettings = {
				COMBINE_HIDPI_IMAGES = YES;
				GCC_GENERATE_DEBUGGING_SYMBOLS = YES;
				GCC_INLINES_ARE_PRIVATE_EXTERN = NO;
				GCC_OPTIMIZATION_LEVEL = 0;
				GCC_PREPROCESSOR_DEFINITIONS = ("'CMAKE_INTDIR=\"$(CONFIGURATION)$(EFFECTIVE_PLATFORM_NAME)\"'");
				GCC_SYMBOLS_PRIVATE_EXTERN = NO;
				HEADER_SEARCH_PATHS = (/usr/local/include,/usr/local/opt/openssl/include);
				INSTALL_PATH = "";
				OTHER_LDFLAGS = " ";
				OTHER_REZFLAGS = "";
				PRODUCT_NAME = ZERO_CHECK;
				SECTORDER_FLAGS = "";
				SYMROOT = "/Users/albertoescarlate/Dropbox/Udacity/_SDC_ND013/CARND-AllTerms-projects/CARND-Term2-projects/CarND-PID-Control-Project/build_Xcode";
				USE_HEADERMAP = NO;
				WARNING_CFLAGS = ("-Wmost","-Wno-four-char-constants","-Wno-unknown-pragmas","$(inherited)");
			};
			name = Release;
		};
		9A1277637FFC4904A15D29C5 /* MinSizeRel */ = {
			isa = XCBuildConfiguration;
			buildSettings = {
				ONLY_ACTIVE_ARCH = YES;
				SDKROOT = /Applications/Xcode.app/Contents/Developer/Platforms/MacOSX.platform/Developer/SDKs/MacOSX10.13.sdk;
				SYMROOT = "/Users/albertoescarlate/Dropbox/Udacity/_SDC_ND013/CARND-AllTerms-projects/CARND-Term2-projects/CarND-PID-Control-Project/build_Xcode/build";
			};
			name = MinSizeRel;
		};
		9CABD6BD48AA445092B8318A /* Debug */ = {
			isa = XCBuildConfiguration;
			buildSettings = {
				COMBINE_HIDPI_IMAGES = YES;
				EXECUTABLE_PREFIX = "";
				EXECUTABLE_SUFFIX = "";
				GCC_GENERATE_DEBUGGING_SYMBOLS = YES;
				GCC_INLINES_ARE_PRIVATE_EXTERN = NO;
				GCC_OPTIMIZATION_LEVEL = 0;
				GCC_PREPROCESSOR_DEFINITIONS = ("'CMAKE_INTDIR=\"$(CONFIGURATION)$(EFFECTIVE_PLATFORM_NAME)\"'");
				GCC_SYMBOLS_PRIVATE_EXTERN = NO;
				HEADER_SEARCH_PATHS = (/usr/local/include,/usr/local/opt/openssl/include);
				INSTALL_PATH = "";
				LD_RUNPATH_SEARCH_PATHS = "/usr/local/lib /usr/local/opt/openssl/lib";
				LIBRARY_SEARCH_PATHS = " /usr/local/lib/$(CONFIGURATION)$(EFFECTIVE_PLATFORM_NAME) /usr/local/lib /usr/local/opt/openssl/lib/$(CONFIGURATION)$(EFFECTIVE_PLATFORM_NAME) /usr/local/opt/openssl/lib";
				OTHER_CPLUSPLUSFLAGS = "-Wall      -std=c++11";
				OTHER_LDFLAGS = " -Wl,-search_paths_first -Wl,-headerpad_max_install_names  -lz -lssl -luv -luWS";
				OTHER_REZFLAGS = "";
				PRODUCT_NAME = pid;
				SECTORDER_FLAGS = "";
				SYMROOT = "/Users/albertoescarlate/Dropbox/Udacity/_SDC_ND013/CARND-AllTerms-projects/CARND-Term2-projects/CarND-PID-Control-Project/build_Xcode";
				USE_HEADERMAP = NO;
				WARNING_CFLAGS = ("-Wmost","-Wno-four-char-constants","-Wno-unknown-pragmas","$(inherited)");
			};
			name = Debug;
		};
		A38E109A5187458584D912DE /* Debug */ = {
			isa = XCBuildConfiguration;
			buildSettings = {
				COMBINE_HIDPI_IMAGES = YES;
				GCC_GENERATE_DEBUGGING_SYMBOLS = YES;
				GCC_INLINES_ARE_PRIVATE_EXTERN = NO;
				GCC_OPTIMIZATION_LEVEL = 0;
				GCC_PREPROCESSOR_DEFINITIONS = ("'CMAKE_INTDIR=\"$(CONFIGURATION)$(EFFECTIVE_PLATFORM_NAME)\"'");
				GCC_SYMBOLS_PRIVATE_EXTERN = NO;
				HEADER_SEARCH_PATHS = (/usr/local/include,/usr/local/opt/openssl/include);
				INSTALL_PATH = "";
				OTHER_LDFLAGS = " ";
				OTHER_REZFLAGS = "";
				PRODUCT_NAME = ZERO_CHECK;
				SECTORDER_FLAGS = "";
				SYMROOT = "/Users/albertoescarlate/Dropbox/Udacity/_SDC_ND013/CARND-AllTerms-projects/CARND-Term2-projects/CarND-PID-Control-Project/build_Xcode";
				USE_HEADERMAP = NO;
				WARNING_CFLAGS = ("-Wmost","-Wno-four-char-constants","-Wno-unknown-pragmas","$(inherited)");
			};
			name = Debug;
		};
		A5CEF661E4FB481C82A0CAEF /* Release */ = {
			isa = XCBuildConfiguration;
			buildSettings = {
				ONLY_ACTIVE_ARCH = YES;
				SDKROOT = /Applications/Xcode.app/Contents/Developer/Platforms/MacOSX.platform/Developer/SDKs/MacOSX10.13.sdk;
				SYMROOT = "/Users/albertoescarlate/Dropbox/Udacity/_SDC_ND013/CARND-AllTerms-projects/CARND-Term2-projects/CarND-PID-Control-Project/build_Xcode/build";
			};
			name = Release;
		};
		C8B86A5FD7A14E0B9E693803 /* RelWithDebInfo */ = {
			isa = XCBuildConfiguration;
			buildSettings = {
				COMBINE_HIDPI_IMAGES = YES;
				EXECUTABLE_PREFIX = "";
				EXECUTABLE_SUFFIX = "";
				GCC_GENERATE_DEBUGGING_SYMBOLS = YES;
				GCC_INLINES_ARE_PRIVATE_EXTERN = NO;
				GCC_OPTIMIZATION_LEVEL = 2;
				GCC_PREPROCESSOR_DEFINITIONS = ("'CMAKE_INTDIR=\"$(CONFIGURATION)$(EFFECTIVE_PLATFORM_NAME)\"'");
				GCC_SYMBOLS_PRIVATE_EXTERN = NO;
				HEADER_SEARCH_PATHS = (/usr/local/include,/usr/local/opt/openssl/include);
				INSTALL_PATH = "";
				LD_RUNPATH_SEARCH_PATHS = "/usr/local/lib /usr/local/opt/openssl/lib";
				LIBRARY_SEARCH_PATHS = " /usr/local/lib/$(CONFIGURATION)$(EFFECTIVE_PLATFORM_NAME) /usr/local/lib /usr/local/opt/openssl/lib/$(CONFIGURATION)$(EFFECTIVE_PLATFORM_NAME) /usr/local/opt/openssl/lib";
				OTHER_CPLUSPLUSFLAGS = "-Wall        -DNDEBUG   -std=c++11";
				OTHER_LDFLAGS = " -Wl,-search_paths_first -Wl,-headerpad_max_install_names  -lz -lssl -luv -luWS";
				OTHER_REZFLAGS = "";
				PRODUCT_NAME = pid;
				SECTORDER_FLAGS = "";
				SYMROOT = "/Users/albertoescarlate/Dropbox/Udacity/_SDC_ND013/CARND-AllTerms-projects/CARND-Term2-projects/CarND-PID-Control-Project/build_Xcode";
				USE_HEADERMAP = NO;
				WARNING_CFLAGS = ("-Wmost","-Wno-four-char-constants","-Wno-unknown-pragmas","$(inherited)");
			};
			name = RelWithDebInfo;
		};
		C9439E3ABAEB40CC90D9768D /* Release */ = {
			isa = XCBuildConfiguration;
			buildSettings = {
				COMBINE_HIDPI_IMAGES = YES;
				GCC_GENERATE_DEBUGGING_SYMBOLS = YES;
				GCC_INLINES_ARE_PRIVATE_EXTERN = NO;
				GCC_OPTIMIZATION_LEVEL = 0;
				GCC_PREPROCESSOR_DEFINITIONS = ("'CMAKE_INTDIR=\"$(CONFIGURATION)$(EFFECTIVE_PLATFORM_NAME)\"'");
				GCC_SYMBOLS_PRIVATE_EXTERN = NO;
				HEADER_SEARCH_PATHS = (/usr/local/include,/usr/local/opt/openssl/include);
				INSTALL_PATH = "";
				OTHER_LDFLAGS = " ";
				OTHER_REZFLAGS = "";
				PRODUCT_NAME = ALL_BUILD;
				SECTORDER_FLAGS = "";
				SYMROOT = "/Users/albertoescarlate/Dropbox/Udacity/_SDC_ND013/CARND-AllTerms-projects/CARND-Term2-projects/CarND-PID-Control-Project/build_Xcode";
				USE_HEADERMAP = NO;
				WARNING_CFLAGS = ("-Wmost","-Wno-four-char-constants","-Wno-unknown-pragmas","$(inherited)");
			};
			name = Release;
		};
		CF7E505065E940989D7CDCB6 /* RelWithDebInfo */ = {
			isa = XCBuildConfiguration;
			buildSettings = {
				COMBINE_HIDPI_IMAGES = YES;
				GCC_GENERATE_DEBUGGING_SYMBOLS = YES;
				GCC_INLINES_ARE_PRIVATE_EXTERN = NO;
				GCC_OPTIMIZATION_LEVEL = 0;
				GCC_PREPROCESSOR_DEFINITIONS = ("'CMAKE_INTDIR=\"$(CONFIGURATION)$(EFFECTIVE_PLATFORM_NAME)\"'");
				GCC_SYMBOLS_PRIVATE_EXTERN = NO;
				HEADER_SEARCH_PATHS = (/usr/local/include,/usr/local/opt/openssl/include);
				INSTALL_PATH = "";
				OTHER_LDFLAGS = " ";
				OTHER_REZFLAGS = "";
				PRODUCT_NAME = ZERO_CHECK;
				SECTORDER_FLAGS = "";
				SYMROOT = "/Users/albertoescarlate/Dropbox/Udacity/_SDC_ND013/CARND-AllTerms-projects/CARND-Term2-projects/CarND-PID-Control-Project/build_Xcode";
				USE_HEADERMAP = NO;
				WARNING_CFLAGS = ("-Wmost","-Wno-four-char-constants","-Wno-unknown-pragmas","$(inherited)");
			};
			name = RelWithDebInfo;
		};
		E8FFA0E228114AE49BF67237 /* Release */ = {
			isa = XCBuildConfiguration;
			buildSettings = {
				COMBINE_HIDPI_IMAGES = YES;
				EXECUTABLE_PREFIX = "";
				EXECUTABLE_SUFFIX = "";
				GCC_GENERATE_DEBUGGING_SYMBOLS = NO;
				GCC_INLINES_ARE_PRIVATE_EXTERN = NO;
				GCC_OPTIMIZATION_LEVEL = 3;
				GCC_PREPROCESSOR_DEFINITIONS = ("'CMAKE_INTDIR=\"$(CONFIGURATION)$(EFFECTIVE_PLATFORM_NAME)\"'");
				GCC_SYMBOLS_PRIVATE_EXTERN = NO;
				HEADER_SEARCH_PATHS = (/usr/local/include,/usr/local/opt/openssl/include);
				INSTALL_PATH = "";
				LD_RUNPATH_SEARCH_PATHS = "/usr/local/lib /usr/local/opt/openssl/lib";
				LIBRARY_SEARCH_PATHS = " /usr/local/lib/$(CONFIGURATION)$(EFFECTIVE_PLATFORM_NAME) /usr/local/lib /usr/local/opt/openssl/lib/$(CONFIGURATION)$(EFFECTIVE_PLATFORM_NAME) /usr/local/opt/openssl/lib";
				OTHER_CPLUSPLUSFLAGS = "-Wall     -DNDEBUG   -std=c++11";
				OTHER_LDFLAGS = " -Wl,-search_paths_first -Wl,-headerpad_max_install_names  -lz -lssl -luv -luWS";
				OTHER_REZFLAGS = "";
				PRODUCT_NAME = pid;
				SECTORDER_FLAGS = "";
				SYMROOT = "/Users/albertoescarlate/Dropbox/Udacity/_SDC_ND013/CARND-AllTerms-projects/CARND-Term2-projects/CarND-PID-Control-Project/build_Xcode";
				USE_HEADERMAP = NO;
				WARNING_CFLAGS = ("-Wmost","-Wno-four-char-constants","-Wno-unknown-pragmas","$(inherited)");
			};
			name = Release;
		};
		FBD2621DDDDA4251A8CFDA26 /* MinSizeRel */ = {
			isa = XCBuildConfiguration;
			buildSettings = {
				COMBINE_HIDPI_IMAGES = YES;
				GCC_GENERATE_DEBUGGING_SYMBOLS = YES;
				GCC_INLINES_ARE_PRIVATE_EXTERN = NO;
				GCC_OPTIMIZATION_LEVEL = 0;
				GCC_PREPROCESSOR_DEFINITIONS = ("'CMAKE_INTDIR=\"$(CONFIGURATION)$(EFFECTIVE_PLATFORM_NAME)\"'");
				GCC_SYMBOLS_PRIVATE_EXTERN = NO;
				HEADER_SEARCH_PATHS = (/usr/local/include,/usr/local/opt/openssl/include);
				INSTALL_PATH = "";
				OTHER_LDFLAGS = " ";
				OTHER_REZFLAGS = "";
				PRODUCT_NAME = ZERO_CHECK;
				SECTORDER_FLAGS = "";
				SYMROOT = "/Users/albertoescarlate/Dropbox/Udacity/_SDC_ND013/CARND-AllTerms-projects/CARND-Term2-projects/CarND-PID-Control-Project/build_Xcode";
				USE_HEADERMAP = NO;
				WARNING_CFLAGS = ("-Wmost","-Wno-four-char-constants","-Wno-unknown-pragmas","$(inherited)");
			};
			name = MinSizeRel;
		};
/* End XCBuildConfiguration section */

/* Begin XCConfigurationList section */
		4296BC4B6419448681F82640 /* Build configuration list for PBXAggregateTarget "ALL_BUILD" */ = {
			isa = XCConfigurationList;
			buildConfigurations = (
				44DACA4C3AFA4C2899ACE2A0 /* Debug */,
				C9439E3ABAEB40CC90D9768D /* Release */,
				2A969CC8EAA6426DB7DDF4FD /* MinSizeRel */,
				601A7180A68047F3ADFE930D /* RelWithDebInfo */,
			);
			defaultConfigurationIsVisible = 0;
			defaultConfigurationName = Debug;
		};
		9F8A02D3D62F46E98F5F8FAD /* Build configuration list for PBXProject "PID" */ = {
			isa = XCConfigurationList;
			buildConfigurations = (
				3AD1B4C0ADE343AF9750CE71 /* Debug */,
				A5CEF661E4FB481C82A0CAEF /* Release */,
				9A1277637FFC4904A15D29C5 /* MinSizeRel */,
				017DD2180BAE45ECB75B76B6 /* RelWithDebInfo */,
			);
			defaultConfigurationIsVisible = 0;
			defaultConfigurationName = Debug;
		};
		AE2C0DC8797F447B9E5D38F0 /* Build configuration list for PBXAggregateTarget "ZERO_CHECK" */ = {
			isa = XCConfigurationList;
			buildConfigurations = (
				A38E109A5187458584D912DE /* Debug */,
				8C16B2E68E1B40308A76E201 /* Release */,
				FBD2621DDDDA4251A8CFDA26 /* MinSizeRel */,
				CF7E505065E940989D7CDCB6 /* RelWithDebInfo */,
			);
			defaultConfigurationIsVisible = 0;
			defaultConfigurationName = Debug;
		};
		EDD003F44757405EBBDFF9F0 /* Build configuration list for PBXNativeTarget "pid" */ = {
			isa = XCConfigurationList;
			buildConfigurations = (
				9CABD6BD48AA445092B8318A /* Debug */,
				E8FFA0E228114AE49BF67237 /* Release */,
				58EEA31A06144EAF93295212 /* MinSizeRel */,
				C8B86A5FD7A14E0B9E693803 /* RelWithDebInfo */,
			);
			defaultConfigurationIsVisible = 0;
			defaultConfigurationName = Debug;
		};
/* End XCConfigurationList section */
	};
	rootObject = 7F3A39AF52BF4778927DDBD9 /* Project object */;
}
