// !$*UTF8*$!
{
	archiveVersion = 1;
	classes = {
	};
	objectVersion = 46;
	objects = {

/* Begin PBXAggregateTarget section */
		958FB36F4D80422BB7737E40 /* ALL_BUILD */ = {
			isa = PBXAggregateTarget;
			buildConfigurationList = D8FC8DEA9DB34B11BC71E1EB /* Build configuration list for PBXAggregateTarget "ALL_BUILD" */;
			buildPhases = (
				2449BEE7D56D4B1EA68C3859 /* CMake Rules */,
			);
			dependencies = (
				39E57604DBFD43A9A47B353E /* PBXTargetDependency */,
				39590CAC2C994BFEB98E50AA /* PBXTargetDependency */,
			);
			name = ALL_BUILD;
			productName = ALL_BUILD;
		};
		DEEC45E56FA7408699DA30AC /* ZERO_CHECK */ = {
			isa = PBXAggregateTarget;
			buildConfigurationList = 840410D7F63447D980DF0EC9 /* Build configuration list for PBXAggregateTarget "ZERO_CHECK" */;
			buildPhases = (
				F4893657903745EC9009D1D2 /* CMake Rules */,
			);
			dependencies = (
			);
			name = ZERO_CHECK;
			productName = ZERO_CHECK;
		};
/* End PBXAggregateTarget section */

/* Begin PBXBuildFile section */
		474256EDFF6641E1BEF87EF0 /* /Users/albertoescarlate/Dropbox/Udacity/_SDC_ND013/CARND-AllTerms-projects/CARND-Term2-projects/CarND-Extended-Kalman-Filter-Project/CMakeLists.txt */ = {isa = PBXBuildFile; fileRef = A4B310625A3B4F8EB5048EF7 /* /Users/albertoescarlate/Dropbox/Udacity/_SDC_ND013/CARND-AllTerms-projects/CARND-Term2-projects/CarND-Extended-Kalman-Filter-Project/CMakeLists.txt */; };
		7930B6D56345460CB822F8B5 /* /Users/albertoescarlate/Dropbox/Udacity/_SDC_ND013/CARND-AllTerms-projects/CARND-Term2-projects/CarND-Extended-Kalman-Filter-Project/src/tools.cpp */ = {isa = PBXBuildFile; fileRef = 6603A164B6AE49F2B4A582CA /* /Users/albertoescarlate/Dropbox/Udacity/_SDC_ND013/CARND-AllTerms-projects/CARND-Term2-projects/CarND-Extended-Kalman-Filter-Project/src/tools.cpp */; };
		A00F2CA21D594E48997445FA /* /Users/albertoescarlate/Dropbox/Udacity/_SDC_ND013/CARND-AllTerms-projects/CARND-Term2-projects/CarND-Extended-Kalman-Filter-Project/src/FusionEKF.cpp */ = {isa = PBXBuildFile; fileRef = C08F67D171BD4D64A91D2615 /* /Users/albertoescarlate/Dropbox/Udacity/_SDC_ND013/CARND-AllTerms-projects/CARND-Term2-projects/CarND-Extended-Kalman-Filter-Project/src/FusionEKF.cpp */; };
		BDE083CFFA3F48E2915D0608 /* /Users/albertoescarlate/Dropbox/Udacity/_SDC_ND013/CARND-AllTerms-projects/CARND-Term2-projects/CarND-Extended-Kalman-Filter-Project/src/FusionEKF.h */ = {isa = PBXBuildFile; fileRef = EEAD3CB8C7B445A1A2D09A9D /* /Users/albertoescarlate/Dropbox/Udacity/_SDC_ND013/CARND-AllTerms-projects/CARND-Term2-projects/CarND-Extended-Kalman-Filter-Project/src/FusionEKF.h */; };
		C3656021B6C1417CBEDAC7BF /* /Users/albertoescarlate/Dropbox/Udacity/_SDC_ND013/CARND-AllTerms-projects/CARND-Term2-projects/CarND-Extended-Kalman-Filter-Project/src/tools.h */ = {isa = PBXBuildFile; fileRef = B09163BE36914B3E82DDD33D /* /Users/albertoescarlate/Dropbox/Udacity/_SDC_ND013/CARND-AllTerms-projects/CARND-Term2-projects/CarND-Extended-Kalman-Filter-Project/src/tools.h */; };
		E784412F45D54E8696341830 /* /Users/albertoescarlate/Dropbox/Udacity/_SDC_ND013/CARND-AllTerms-projects/CARND-Term2-projects/CarND-Extended-Kalman-Filter-Project/src/kalman_filter.cpp */ = {isa = PBXBuildFile; fileRef = 2F0B997AF36E4AB0A6EFF6F1 /* /Users/albertoescarlate/Dropbox/Udacity/_SDC_ND013/CARND-AllTerms-projects/CARND-Term2-projects/CarND-Extended-Kalman-Filter-Project/src/kalman_filter.cpp */; };
		F3740535CBFF4518AC5A6794 /* /Users/albertoescarlate/Dropbox/Udacity/_SDC_ND013/CARND-AllTerms-projects/CARND-Term2-projects/CarND-Extended-Kalman-Filter-Project/src/kalman_filter.h */ = {isa = PBXBuildFile; fileRef = 202B61A9BE6B43ABA7171C35 /* /Users/albertoescarlate/Dropbox/Udacity/_SDC_ND013/CARND-AllTerms-projects/CARND-Term2-projects/CarND-Extended-Kalman-Filter-Project/src/kalman_filter.h */; };
		F53DB6D91D7D44789AB800F4 /* /Users/albertoescarlate/Dropbox/Udacity/_SDC_ND013/CARND-AllTerms-projects/CARND-Term2-projects/CarND-Extended-Kalman-Filter-Project/src/main.cpp */ = {isa = PBXBuildFile; fileRef = B2539E1A3E0A4AA1B097CE0B /* /Users/albertoescarlate/Dropbox/Udacity/_SDC_ND013/CARND-AllTerms-projects/CARND-Term2-projects/CarND-Extended-Kalman-Filter-Project/src/main.cpp */; };
/* End PBXBuildFile section */

/* Begin PBXBuildStyle section */
		4AC2F3221C324A2781120D5E /* Release */ = {
			isa = PBXBuildStyle;
			buildSettings = {
				COPY_PHASE_STRIP = NO;
			};
			name = Release;
		};
		9773B996934E49A994F76B0E /* RelWithDebInfo */ = {
			isa = PBXBuildStyle;
			buildSettings = {
				COPY_PHASE_STRIP = NO;
			};
			name = RelWithDebInfo;
		};
		97DD4A444BC440FCB72E9F2B /* MinSizeRel */ = {
			isa = PBXBuildStyle;
			buildSettings = {
				COPY_PHASE_STRIP = NO;
			};
			name = MinSizeRel;
		};
		C25BCBE67F1B4C9887B44108 /* Debug */ = {
			isa = PBXBuildStyle;
			buildSettings = {
				COPY_PHASE_STRIP = NO;
			};
			name = Debug;
		};
/* End PBXBuildStyle section */

/* Begin PBXContainerItemProxy section */
		549C36D20CE2424AB592E50C /* PBXContainerItemProxy */ = {
			isa = PBXContainerItemProxy;
			containerPortal = 4B625A8C350D460BA27E624F /* Project object */;
			proxyType = 1;
			remoteGlobalIDString = DEEC45E56FA7408699DA30AC;
			remoteInfo = ZERO_CHECK;
		};
		719688439DC64CFF8C81BF60 /* PBXContainerItemProxy */ = {
			isa = PBXContainerItemProxy;
			containerPortal = 4B625A8C350D460BA27E624F /* Project object */;
			proxyType = 1;
			remoteGlobalIDString = 2C333C9CB5B74BF6B8FBC246;
			remoteInfo = ExtendedKF;
		};
		B24F303B761347F690423F49 /* PBXContainerItemProxy */ = {
			isa = PBXContainerItemProxy;
			containerPortal = 4B625A8C350D460BA27E624F /* Project object */;
			proxyType = 1;
			remoteGlobalIDString = DEEC45E56FA7408699DA30AC;
			remoteInfo = ZERO_CHECK;
		};
/* End PBXContainerItemProxy section */

/* Begin PBXFileReference section */
		202B61A9BE6B43ABA7171C35 /* /Users/albertoescarlate/Dropbox/Udacity/_SDC_ND013/CARND-AllTerms-projects/CARND-Term2-projects/CarND-Extended-Kalman-Filter-Project/src/kalman_filter.h */ = {isa = PBXFileReference; explicitFileType = sourcecode.c.h; fileEncoding = 4; name = kalman_filter.h; path = src/kalman_filter.h; sourceTree = SOURCE_ROOT; };
		21EAA339D63647A3A8178031 /* ExtendedKF */ = {isa = PBXFileReference; explicitFileType = "compiled.mach-o.executable"; path = ExtendedKF; sourceTree = BUILT_PRODUCTS_DIR; };
		2F0B997AF36E4AB0A6EFF6F1 /* /Users/albertoescarlate/Dropbox/Udacity/_SDC_ND013/CARND-AllTerms-projects/CARND-Term2-projects/CarND-Extended-Kalman-Filter-Project/src/kalman_filter.cpp */ = {isa = PBXFileReference; explicitFileType = sourcecode.cpp.cpp; fileEncoding = 4; name = kalman_filter.cpp; path = src/kalman_filter.cpp; sourceTree = SOURCE_ROOT; };
		6603A164B6AE49F2B4A582CA /* /Users/albertoescarlate/Dropbox/Udacity/_SDC_ND013/CARND-AllTerms-projects/CARND-Term2-projects/CarND-Extended-Kalman-Filter-Project/src/tools.cpp */ = {isa = PBXFileReference; explicitFileType = sourcecode.cpp.cpp; fileEncoding = 4; name = tools.cpp; path = src/tools.cpp; sourceTree = SOURCE_ROOT; };
		72AB19EDD80547D6B9DF0868 /* /Users/albertoescarlate/Dropbox/Udacity/_SDC_ND013/CARND-AllTerms-projects/CARND-Term2-projects/CarND-Extended-Kalman-Filter-Project/CMakeLists.txt */ = {isa = PBXFileReference; explicitFileType = sourcecode.text; fileEncoding = 4; name = CMakeLists.txt; path = CMakeLists.txt; sourceTree = SOURCE_ROOT; };
		8590D20DFA8649B0881A438A /* /Users/albertoescarlate/Dropbox/Udacity/_SDC_ND013/CARND-AllTerms-projects/CARND-Term2-projects/CarND-Extended-Kalman-Filter-Project/CMakeLists.txt */ = {isa = PBXFileReference; explicitFileType = sourcecode.text; fileEncoding = 4; name = CMakeLists.txt; path = CMakeLists.txt; sourceTree = SOURCE_ROOT; };
		A4B310625A3B4F8EB5048EF7 /* /Users/albertoescarlate/Dropbox/Udacity/_SDC_ND013/CARND-AllTerms-projects/CARND-Term2-projects/CarND-Extended-Kalman-Filter-Project/CMakeLists.txt */ = {isa = PBXFileReference; explicitFileType = sourcecode.text; fileEncoding = 4; name = CMakeLists.txt; path = CMakeLists.txt; sourceTree = SOURCE_ROOT; };
		B09163BE36914B3E82DDD33D /* /Users/albertoescarlate/Dropbox/Udacity/_SDC_ND013/CARND-AllTerms-projects/CARND-Term2-projects/CarND-Extended-Kalman-Filter-Project/src/tools.h */ = {isa = PBXFileReference; explicitFileType = sourcecode.c.h; fileEncoding = 4; name = tools.h; path = src/tools.h; sourceTree = SOURCE_ROOT; };
		B2539E1A3E0A4AA1B097CE0B /* /Users/albertoescarlate/Dropbox/Udacity/_SDC_ND013/CARND-AllTerms-projects/CARND-Term2-projects/CarND-Extended-Kalman-Filter-Project/src/main.cpp */ = {isa = PBXFileReference; explicitFileType = sourcecode.cpp.cpp; fileEncoding = 4; name = main.cpp; path = src/main.cpp; sourceTree = SOURCE_ROOT; };
		C08F67D171BD4D64A91D2615 /* /Users/albertoescarlate/Dropbox/Udacity/_SDC_ND013/CARND-AllTerms-projects/CARND-Term2-projects/CarND-Extended-Kalman-Filter-Project/src/FusionEKF.cpp */ = {isa = PBXFileReference; explicitFileType = sourcecode.cpp.cpp; fileEncoding = 4; name = FusionEKF.cpp; path = src/FusionEKF.cpp; sourceTree = SOURCE_ROOT; };
		EEAD3CB8C7B445A1A2D09A9D /* /Users/albertoescarlate/Dropbox/Udacity/_SDC_ND013/CARND-AllTerms-projects/CARND-Term2-projects/CarND-Extended-Kalman-Filter-Project/src/FusionEKF.h */ = {isa = PBXFileReference; explicitFileType = sourcecode.c.h; fileEncoding = 4; name = FusionEKF.h; path = src/FusionEKF.h; sourceTree = SOURCE_ROOT; };
/* End PBXFileReference section */

/* Begin PBXGroup section */
		10FCD74346644AE2BDBD06F9 = {
			isa = PBXGroup;
			children = (
				9F7FD1900BB14275B8B63D92 /* ExtendedKF */,
				866542223FBF46869D0746A7 /* ALL_BUILD */,
				4DBCB554094E440D87DDF196 /* ZERO_CHECK */,
				12D01091E9C640529E7535D3 /* Products */,
			);
			sourceTree = "<group>";
		};
		12D01091E9C640529E7535D3 /* Products */ = {
			isa = PBXGroup;
			children = (
				21EAA339D63647A3A8178031 /* ExtendedKF */,
			);
			name = Products;
			sourceTree = "<group>";
		};
		29FE392404B4488CAB06EE6F /* Header Files */ = {
			isa = PBXGroup;
			children = (
				EEAD3CB8C7B445A1A2D09A9D /* /Users/albertoescarlate/Dropbox/Udacity/_SDC_ND013/CARND-AllTerms-projects/CARND-Term2-projects/CarND-Extended-Kalman-Filter-Project/src/FusionEKF.h */,
				202B61A9BE6B43ABA7171C35 /* /Users/albertoescarlate/Dropbox/Udacity/_SDC_ND013/CARND-AllTerms-projects/CARND-Term2-projects/CarND-Extended-Kalman-Filter-Project/src/kalman_filter.h */,
				B09163BE36914B3E82DDD33D /* /Users/albertoescarlate/Dropbox/Udacity/_SDC_ND013/CARND-AllTerms-projects/CARND-Term2-projects/CarND-Extended-Kalman-Filter-Project/src/tools.h */,
			);
			name = "Header Files";
			sourceTree = "<group>";
		};
		4DBCB554094E440D87DDF196 /* ZERO_CHECK */ = {
			isa = PBXGroup;
			children = (
				EA229C84B2CE49C09963BA7B /* CMake Rules */,
				8590D20DFA8649B0881A438A /* /Users/albertoescarlate/Dropbox/Udacity/_SDC_ND013/CARND-AllTerms-projects/CARND-Term2-projects/CarND-Extended-Kalman-Filter-Project/CMakeLists.txt */,
			);
			name = ZERO_CHECK;
			sourceTree = "<group>";
		};
		866542223FBF46869D0746A7 /* ALL_BUILD */ = {
			isa = PBXGroup;
			children = (
				C9825EB0C6BD4E88A0D5B61B /* CMake Rules */,
				72AB19EDD80547D6B9DF0868 /* /Users/albertoescarlate/Dropbox/Udacity/_SDC_ND013/CARND-AllTerms-projects/CARND-Term2-projects/CarND-Extended-Kalman-Filter-Project/CMakeLists.txt */,
			);
			name = ALL_BUILD;
			sourceTree = "<group>";
		};
		9F7FD1900BB14275B8B63D92 /* ExtendedKF */ = {
			isa = PBXGroup;
			children = (
				F0F4F84A146D403AB723258F /* Source Files */,
				29FE392404B4488CAB06EE6F /* Header Files */,
				A4B310625A3B4F8EB5048EF7 /* /Users/albertoescarlate/Dropbox/Udacity/_SDC_ND013/CARND-AllTerms-projects/CARND-Term2-projects/CarND-Extended-Kalman-Filter-Project/CMakeLists.txt */,
			);
			name = ExtendedKF;
			sourceTree = "<group>";
		};
		C9825EB0C6BD4E88A0D5B61B /* CMake Rules */ = {
			isa = PBXGroup;
			children = (
			);
			name = "CMake Rules";
			sourceTree = "<group>";
		};
		EA229C84B2CE49C09963BA7B /* CMake Rules */ = {
			isa = PBXGroup;
			children = (
			);
			name = "CMake Rules";
			sourceTree = "<group>";
		};
		F0F4F84A146D403AB723258F /* Source Files */ = {
			isa = PBXGroup;
			children = (
				C08F67D171BD4D64A91D2615 /* /Users/albertoescarlate/Dropbox/Udacity/_SDC_ND013/CARND-AllTerms-projects/CARND-Term2-projects/CarND-Extended-Kalman-Filter-Project/src/FusionEKF.cpp */,
				2F0B997AF36E4AB0A6EFF6F1 /* /Users/albertoescarlate/Dropbox/Udacity/_SDC_ND013/CARND-AllTerms-projects/CARND-Term2-projects/CarND-Extended-Kalman-Filter-Project/src/kalman_filter.cpp */,
				B2539E1A3E0A4AA1B097CE0B /* /Users/albertoescarlate/Dropbox/Udacity/_SDC_ND013/CARND-AllTerms-projects/CARND-Term2-projects/CarND-Extended-Kalman-Filter-Project/src/main.cpp */,
				6603A164B6AE49F2B4A582CA /* /Users/albertoescarlate/Dropbox/Udacity/_SDC_ND013/CARND-AllTerms-projects/CARND-Term2-projects/CarND-Extended-Kalman-Filter-Project/src/tools.cpp */,
			);
			name = "Source Files";
			sourceTree = "<group>";
		};
/* End PBXGroup section */

/* Begin PBXNativeTarget section */
		2C333C9CB5B74BF6B8FBC246 /* ExtendedKF */ = {
			isa = PBXNativeTarget;
			buildConfigurationList = EDD964230A21446395E3B2EF /* Build configuration list for PBXNativeTarget "ExtendedKF" */;
			buildPhases = (
				3F034F4C1AF4452FA9A68B71 /* Sources */,
			);
			buildRules = (
			);
			dependencies = (
				66BAEE3E5D754CEA9EB3423E /* PBXTargetDependency */,
			);
			name = ExtendedKF;
			productName = ExtendedKF;
			productReference = 21EAA339D63647A3A8178031 /* ExtendedKF */;
			productType = "com.apple.product-type.tool";
		};
/* End PBXNativeTarget section */

/* Begin PBXProject section */
		4B625A8C350D460BA27E624F /* Project object */ = {
			isa = PBXProject;
			attributes = {
				BuildIndependentTargetsInParallel = YES;
				LastUpgradeCheck = 0910;
			};
			buildConfigurationList = 5C6D6CB879894375A79166B0 /* Build configuration list for PBXProject "ExtendedKF" */;
			buildSettings = {
			};
			buildStyles = (
				C25BCBE67F1B4C9887B44108 /* Debug */,
				4AC2F3221C324A2781120D5E /* Release */,
				97DD4A444BC440FCB72E9F2B /* MinSizeRel */,
				9773B996934E49A994F76B0E /* RelWithDebInfo */,
			);
			compatibilityVersion = "Xcode 3.2";
			hasScannedForEncodings = 0;
			mainGroup = 10FCD74346644AE2BDBD06F9;
			projectDirPath = ../../;
			projectRoot = "";
			targets = (
				958FB36F4D80422BB7737E40 /* ALL_BUILD */,
				2C333C9CB5B74BF6B8FBC246 /* ExtendedKF */,
				DEEC45E56FA7408699DA30AC /* ZERO_CHECK */,
			);
		};
/* End PBXProject section */

/* Begin PBXShellScriptBuildPhase section */
		2449BEE7D56D4B1EA68C3859 /* CMake Rules */ = {
			isa = PBXShellScriptBuildPhase;
			buildActionMask = 2147483647;
			files = (
			);
			name = "CMake Rules";
			runOnlyForDeploymentPostprocessing = 0;
			shellPath = /bin/sh;
			shellScript = "make -C /Users/albertoescarlate/Dropbox/Udacity/_SDC_ND013/CARND-AllTerms-projects/CARND-Term2-projects/CarND-Extended-Kalman-Filter-Project/ide_profiles/xcode -f /Users/albertoescarlate/Dropbox/Udacity/_SDC_ND013/CARND-AllTerms-projects/CARND-Term2-projects/CarND-Extended-Kalman-Filter-Project/ide_profiles/xcode/CMakeScripts/ALL_BUILD_cmakeRulesBuildPhase.make$CONFIGURATION all";
			showEnvVarsInLog = 0;
		};
		536260A61A044920969F39DE = {
			isa = PBXShellScriptBuildPhase;
			buildActionMask = 2147483647;
			files = (
			);
			inputPaths = (
			);
			outputPaths = (
			);
			runOnlyForDeploymentPostprocessing = 0;
			shellPath = /bin/sh;
			shellScript = "# shell script goes here
exit 0";
			showEnvVarsInLog = 0;
		};
		DBE1B3BF500E4669B04A11D4 = {
			isa = PBXShellScriptBuildPhase;
			buildActionMask = 2147483647;
			files = (
			);
			inputPaths = (
			);
			outputPaths = (
			);
			runOnlyForDeploymentPostprocessing = 0;
			shellPath = /bin/sh;
			shellScript = "# shell script goes here
exit 0";
			showEnvVarsInLog = 0;
		};
		F4893657903745EC9009D1D2 /* CMake Rules */ = {
			isa = PBXShellScriptBuildPhase;
			buildActionMask = 2147483647;
			files = (
			);
			name = "CMake Rules";
			runOnlyForDeploymentPostprocessing = 0;
			shellPath = /bin/sh;
			shellScript = "make -C /Users/albertoescarlate/Dropbox/Udacity/_SDC_ND013/CARND-AllTerms-projects/CARND-Term2-projects/CarND-Extended-Kalman-Filter-Project/ide_profiles/xcode -f /Users/albertoescarlate/Dropbox/Udacity/_SDC_ND013/CARND-AllTerms-projects/CARND-Term2-projects/CarND-Extended-Kalman-Filter-Project/ide_profiles/xcode/CMakeScripts/ZERO_CHECK_cmakeRulesBuildPhase.make$CONFIGURATION all";
			showEnvVarsInLog = 0;
		};
/* End PBXShellScriptBuildPhase section */

/* Begin PBXSourcesBuildPhase section */
		3F034F4C1AF4452FA9A68B71 /* Sources */ = {
			isa = PBXSourcesBuildPhase;
			buildActionMask = 2147483647;
			files = (
				A00F2CA21D594E48997445FA /* /Users/albertoescarlate/Dropbox/Udacity/_SDC_ND013/CARND-AllTerms-projects/CARND-Term2-projects/CarND-Extended-Kalman-Filter-Project/src/FusionEKF.cpp */,
				E784412F45D54E8696341830 /* /Users/albertoescarlate/Dropbox/Udacity/_SDC_ND013/CARND-AllTerms-projects/CARND-Term2-projects/CarND-Extended-Kalman-Filter-Project/src/kalman_filter.cpp */,
				F53DB6D91D7D44789AB800F4 /* /Users/albertoescarlate/Dropbox/Udacity/_SDC_ND013/CARND-AllTerms-projects/CARND-Term2-projects/CarND-Extended-Kalman-Filter-Project/src/main.cpp */,
				7930B6D56345460CB822F8B5 /* /Users/albertoescarlate/Dropbox/Udacity/_SDC_ND013/CARND-AllTerms-projects/CARND-Term2-projects/CarND-Extended-Kalman-Filter-Project/src/tools.cpp */,
			);
			runOnlyForDeploymentPostprocessing = 0;
		};
/* End PBXSourcesBuildPhase section */

/* Begin PBXTargetDependency section */
		39590CAC2C994BFEB98E50AA /* PBXTargetDependency */ = {
			isa = PBXTargetDependency;
			target = DEEC45E56FA7408699DA30AC /* ZERO_CHECK */;
			targetProxy = B24F303B761347F690423F49 /* PBXContainerItemProxy */;
		};
		39E57604DBFD43A9A47B353E /* PBXTargetDependency */ = {
			isa = PBXTargetDependency;
			target = 2C333C9CB5B74BF6B8FBC246 /* ExtendedKF */;
			targetProxy = 719688439DC64CFF8C81BF60 /* PBXContainerItemProxy */;
		};
		66BAEE3E5D754CEA9EB3423E /* PBXTargetDependency */ = {
			isa = PBXTargetDependency;
			target = DEEC45E56FA7408699DA30AC /* ZERO_CHECK */;
			targetProxy = 549C36D20CE2424AB592E50C /* PBXContainerItemProxy */;
		};
/* End PBXTargetDependency section */

/* Begin XCBuildConfiguration section */
		00B3234DA2BF441887133E80 /* Release */ = {
			isa = XCBuildConfiguration;
			buildSettings = {
				COMBINE_HIDPI_IMAGES = YES;
				GCC_GENERATE_DEBUGGING_SYMBOLS = YES;
				GCC_INLINES_ARE_PRIVATE_EXTERN = NO;
				GCC_OPTIMIZATION_LEVEL = 0;
				GCC_PREPROCESSOR_DEFINITIONS = ("'CMAKE_INTDIR=\"$(CONFIGURATION)$(EFFECTIVE_PLATFORM_NAME)\"'");
				GCC_SYMBOLS_PRIVATE_EXTERN = NO;
				HEADER_SEARCH_PATHS = (/usr/local/include,/usr/local/opt/openssl/include);
				INSTALL_PATH = "";
				OTHER_LDFLAGS = " ";
				OTHER_REZFLAGS = "";
				PRODUCT_NAME = ALL_BUILD;
				SECTORDER_FLAGS = "";
				SYMROOT = "/Users/albertoescarlate/Dropbox/Udacity/_SDC_ND013/CARND-AllTerms-projects/CARND-Term2-projects/CarND-Extended-Kalman-Filter-Project/ide_profiles/xcode";
				USE_HEADERMAP = NO;
				WARNING_CFLAGS = ("-Wmost","-Wno-four-char-constants","-Wno-unknown-pragmas","$(inherited)");
			};
			name = Release;
		};
		397DB61B7AD942A0A2EB3F51 /* MinSizeRel */ = {
			isa = XCBuildConfiguration;
			buildSettings = {
				COMBINE_HIDPI_IMAGES = YES;
				GCC_GENERATE_DEBUGGING_SYMBOLS = YES;
				GCC_INLINES_ARE_PRIVATE_EXTERN = NO;
				GCC_OPTIMIZATION_LEVEL = 0;
				GCC_PREPROCESSOR_DEFINITIONS = ("'CMAKE_INTDIR=\"$(CONFIGURATION)$(EFFECTIVE_PLATFORM_NAME)\"'");
				GCC_SYMBOLS_PRIVATE_EXTERN = NO;
				HEADER_SEARCH_PATHS = (/usr/local/include,/usr/local/opt/openssl/include);
				INSTALL_PATH = "";
				OTHER_LDFLAGS = " ";
				OTHER_REZFLAGS = "";
				PRODUCT_NAME = ZERO_CHECK;
				SECTORDER_FLAGS = "";
				SYMROOT = "/Users/albertoescarlate/Dropbox/Udacity/_SDC_ND013/CARND-AllTerms-projects/CARND-Term2-projects/CarND-Extended-Kalman-Filter-Project/ide_profiles/xcode";
				USE_HEADERMAP = NO;
				WARNING_CFLAGS = ("-Wmost","-Wno-four-char-constants","-Wno-unknown-pragmas","$(inherited)");
			};
			name = MinSizeRel;
		};
		3FB4403A99D54E98B0FA54A7 /* Release */ = {
			isa = XCBuildConfiguration;
			buildSettings = {
				ONLY_ACTIVE_ARCH = YES;
				SDKROOT = /Applications/Xcode.app/Contents/Developer/Platforms/MacOSX.platform/Developer/SDKs/MacOSX10.13.sdk;
				SYMROOT = "/Users/albertoescarlate/Dropbox/Udacity/_SDC_ND013/CARND-AllTerms-projects/CARND-Term2-projects/CarND-Extended-Kalman-Filter-Project/ide_profiles/xcode/build";
			};
			name = Release;
		};
		48B01C9CD8DC4DEC91A1F5A8 /* MinSizeRel */ = {
			isa = XCBuildConfiguration;
			buildSettings = {
				COMBINE_HIDPI_IMAGES = YES;
				GCC_GENERATE_DEBUGGING_SYMBOLS = YES;
				GCC_INLINES_ARE_PRIVATE_EXTERN = NO;
				GCC_OPTIMIZATION_LEVEL = 0;
				GCC_PREPROCESSOR_DEFINITIONS = ("'CMAKE_INTDIR=\"$(CONFIGURATION)$(EFFECTIVE_PLATFORM_NAME)\"'");
				GCC_SYMBOLS_PRIVATE_EXTERN = NO;
				HEADER_SEARCH_PATHS = (/usr/local/include,/usr/local/opt/openssl/include);
				INSTALL_PATH = "";
				OTHER_LDFLAGS = " ";
				OTHER_REZFLAGS = "";
				PRODUCT_NAME = ALL_BUILD;
				SECTORDER_FLAGS = "";
				SYMROOT = "/Users/albertoescarlate/Dropbox/Udacity/_SDC_ND013/CARND-AllTerms-projects/CARND-Term2-projects/CarND-Extended-Kalman-Filter-Project/ide_profiles/xcode";
				USE_HEADERMAP = NO;
				WARNING_CFLAGS = ("-Wmost","-Wno-four-char-constants","-Wno-unknown-pragmas","$(inherited)");
			};
			name = MinSizeRel;
		};
		6826547B913B48E9B240E9C2 /* RelWithDebInfo */ = {
			isa = XCBuildConfiguration;
			buildSettings = {
				COMBINE_HIDPI_IMAGES = YES;
				GCC_GENERATE_DEBUGGING_SYMBOLS = YES;
				GCC_INLINES_ARE_PRIVATE_EXTERN = NO;
				GCC_OPTIMIZATION_LEVEL = 0;
				GCC_PREPROCESSOR_DEFINITIONS = ("'CMAKE_INTDIR=\"$(CONFIGURATION)$(EFFECTIVE_PLATFORM_NAME)\"'");
				GCC_SYMBOLS_PRIVATE_EXTERN = NO;
				HEADER_SEARCH_PATHS = (/usr/local/include,/usr/local/opt/openssl/include);
				INSTALL_PATH = "";
				OTHER_LDFLAGS = " ";
				OTHER_REZFLAGS = "";
				PRODUCT_NAME = ZERO_CHECK;
				SECTORDER_FLAGS = "";
				SYMROOT = "/Users/albertoescarlate/Dropbox/Udacity/_SDC_ND013/CARND-AllTerms-projects/CARND-Term2-projects/CarND-Extended-Kalman-Filter-Project/ide_profiles/xcode";
				USE_HEADERMAP = NO;
				WARNING_CFLAGS = ("-Wmost","-Wno-four-char-constants","-Wno-unknown-pragmas","$(inherited)");
			};
			name = RelWithDebInfo;
		};
		7695AECD60E14DD392F08192 /* Debug */ = {
			isa = XCBuildConfiguration;
			buildSettings = {
				COMBINE_HIDPI_IMAGES = YES;
				EXECUTABLE_PREFIX = "";
				EXECUTABLE_SUFFIX = "";
				GCC_GENERATE_DEBUGGING_SYMBOLS = YES;
				GCC_INLINES_ARE_PRIVATE_EXTERN = NO;
				GCC_OPTIMIZATION_LEVEL = 0;
				GCC_PREPROCESSOR_DEFINITIONS = ("'CMAKE_INTDIR=\"$(CONFIGURATION)$(EFFECTIVE_PLATFORM_NAME)\"'");
				GCC_SYMBOLS_PRIVATE_EXTERN = NO;
				HEADER_SEARCH_PATHS = (/usr/local/include,/usr/local/opt/openssl/include);
				INSTALL_PATH = "";
				LD_RUNPATH_SEARCH_PATHS = "/usr/local/lib /usr/local/opt/openssl/lib /usr/local/Cellar/libuv/1*/lib";
				LIBRARY_SEARCH_PATHS = " /usr/local/lib/$(CONFIGURATION)$(EFFECTIVE_PLATFORM_NAME) /usr/local/lib /usr/local/opt/openssl/lib/$(CONFIGURATION)$(EFFECTIVE_PLATFORM_NAME) /usr/local/opt/openssl/lib /usr/local/Cellar/libuv/1*/lib/$(CONFIGURATION)$(EFFECTIVE_PLATFORM_NAME) /usr/local/Cellar/libuv/1*/lib";
				OTHER_CPLUSPLUSFLAGS = "     -std=c++11";
				OTHER_LDFLAGS = " -Wl,-search_paths_first -Wl,-headerpad_max_install_names  -lz -lssl -luv -luWS";
				OTHER_REZFLAGS = "";
				PRODUCT_NAME = ExtendedKF;
				SECTORDER_FLAGS = "";
				SYMROOT = "/Users/albertoescarlate/Dropbox/Udacity/_SDC_ND013/CARND-AllTerms-projects/CARND-Term2-projects/CarND-Extended-Kalman-Filter-Project/ide_profiles/xcode";
				USE_HEADERMAP = NO;
				WARNING_CFLAGS = ("-Wmost","-Wno-four-char-constants","-Wno-unknown-pragmas","$(inherited)");
			};
			name = Debug;
		};
		7FE884687C7B4CEBB4CA333D /* Release */ = {
			isa = XCBuildConfiguration;
			buildSettings = {
				COMBINE_HIDPI_IMAGES = YES;
				EXECUTABLE_PREFIX = "";
				EXECUTABLE_SUFFIX = "";
				GCC_GENERATE_DEBUGGING_SYMBOLS = NO;
				GCC_INLINES_ARE_PRIVATE_EXTERN = NO;
				GCC_OPTIMIZATION_LEVEL = 3;
				GCC_PREPROCESSOR_DEFINITIONS = ("'CMAKE_INTDIR=\"$(CONFIGURATION)$(EFFECTIVE_PLATFORM_NAME)\"'");
				GCC_SYMBOLS_PRIVATE_EXTERN = NO;
				HEADER_SEARCH_PATHS = (/usr/local/include,/usr/local/opt/openssl/include);
				INSTALL_PATH = "";
				LD_RUNPATH_SEARCH_PATHS = "/usr/local/lib /usr/local/opt/openssl/lib /usr/local/Cellar/libuv/1*/lib";
				LIBRARY_SEARCH_PATHS = " /usr/local/lib/$(CONFIGURATION)$(EFFECTIVE_PLATFORM_NAME) /usr/local/lib /usr/local/opt/openssl/lib/$(CONFIGURATION)$(EFFECTIVE_PLATFORM_NAME) /usr/local/opt/openssl/lib /usr/local/Cellar/libuv/1*/lib/$(CONFIGURATION)$(EFFECTIVE_PLATFORM_NAME) /usr/local/Cellar/libuv/1*/lib";
				OTHER_CPLUSPLUSFLAGS = "    -DNDEBUG   -std=c++11";
				OTHER_LDFLAGS = " -Wl,-search_paths_first -Wl,-headerpad_max_install_names  -lz -lssl -luv -luWS";
				OTHER_REZFLAGS = "";
				PRODUCT_NAME = ExtendedKF;
				SECTORDER_FLAGS = "";
				SYMROOT = "/Users/albertoescarlate/Dropbox/Udacity/_SDC_ND013/CARND-AllTerms-projects/CARND-Term2-projects/CarND-Extended-Kalman-Filter-Project/ide_profiles/xcode";
				USE_HEADERMAP = NO;
				WARNING_CFLAGS = ("-Wmost","-Wno-four-char-constants","-Wno-unknown-pragmas","$(inherited)");
			};
			name = Release;
		};
		8644EE1F8C004ACBA9FAEBB0 /* RelWithDebInfo */ = {
			isa = XCBuildConfiguration;
			buildSettings = {
				COMBINE_HIDPI_IMAGES = YES;
				GCC_GENERATE_DEBUGGING_SYMBOLS = YES;
				GCC_INLINES_ARE_PRIVATE_EXTERN = NO;
				GCC_OPTIMIZATION_LEVEL = 0;
				GCC_PREPROCESSOR_DEFINITIONS = ("'CMAKE_INTDIR=\"$(CONFIGURATION)$(EFFECTIVE_PLATFORM_NAME)\"'");
				GCC_SYMBOLS_PRIVATE_EXTERN = NO;
				HEADER_SEARCH_PATHS = (/usr/local/include,/usr/local/opt/openssl/include);
				INSTALL_PATH = "";
				OTHER_LDFLAGS = " ";
				OTHER_REZFLAGS = "";
				PRODUCT_NAME = ALL_BUILD;
				SECTORDER_FLAGS = "";
				SYMROOT = "/Users/albertoescarlate/Dropbox/Udacity/_SDC_ND013/CARND-AllTerms-projects/CARND-Term2-projects/CarND-Extended-Kalman-Filter-Project/ide_profiles/xcode";
				USE_HEADERMAP = NO;
				WARNING_CFLAGS = ("-Wmost","-Wno-four-char-constants","-Wno-unknown-pragmas","$(inherited)");
			};
			name = RelWithDebInfo;
		};
		92F6DCFADD67495B9C8DDE8C /* Release */ = {
			isa = XCBuildConfiguration;
			buildSettings = {
				COMBINE_HIDPI_IMAGES = YES;
				GCC_GENERATE_DEBUGGING_SYMBOLS = YES;
				GCC_INLINES_ARE_PRIVATE_EXTERN = NO;
				GCC_OPTIMIZATION_LEVEL = 0;
				GCC_PREPROCESSOR_DEFINITIONS = ("'CMAKE_INTDIR=\"$(CONFIGURATION)$(EFFECTIVE_PLATFORM_NAME)\"'");
				GCC_SYMBOLS_PRIVATE_EXTERN = NO;
				HEADER_SEARCH_PATHS = (/usr/local/include,/usr/local/opt/openssl/include);
				INSTALL_PATH = "";
				OTHER_LDFLAGS = " ";
				OTHER_REZFLAGS = "";
				PRODUCT_NAME = ZERO_CHECK;
				SECTORDER_FLAGS = "";
				SYMROOT = "/Users/albertoescarlate/Dropbox/Udacity/_SDC_ND013/CARND-AllTerms-projects/CARND-Term2-projects/CarND-Extended-Kalman-Filter-Project/ide_profiles/xcode";
				USE_HEADERMAP = NO;
				WARNING_CFLAGS = ("-Wmost","-Wno-four-char-constants","-Wno-unknown-pragmas","$(inherited)");
			};
			name = Release;
		};
		9C1D906272B7460AA5340AB4 /* RelWithDebInfo */ = {
			isa = XCBuildConfiguration;
			buildSettings = {
				COMBINE_HIDPI_IMAGES = YES;
				EXECUTABLE_PREFIX = "";
				EXECUTABLE_SUFFIX = "";
				GCC_GENERATE_DEBUGGING_SYMBOLS = YES;
				GCC_INLINES_ARE_PRIVATE_EXTERN = NO;
				GCC_OPTIMIZATION_LEVEL = 2;
				GCC_PREPROCESSOR_DEFINITIONS = ("'CMAKE_INTDIR=\"$(CONFIGURATION)$(EFFECTIVE_PLATFORM_NAME)\"'");
				GCC_SYMBOLS_PRIVATE_EXTERN = NO;
				HEADER_SEARCH_PATHS = (/usr/local/include,/usr/local/opt/openssl/include);
				INSTALL_PATH = "";
				LD_RUNPATH_SEARCH_PATHS = "/usr/local/lib /usr/local/opt/openssl/lib /usr/local/Cellar/libuv/1*/lib";
				LIBRARY_SEARCH_PATHS = " /usr/local/lib/$(CONFIGURATION)$(EFFECTIVE_PLATFORM_NAME) /usr/local/lib /usr/local/opt/openssl/lib/$(CONFIGURATION)$(EFFECTIVE_PLATFORM_NAME) /usr/local/opt/openssl/lib /usr/local/Cellar/libuv/1*/lib/$(CONFIGURATION)$(EFFECTIVE_PLATFORM_NAME) /usr/local/Cellar/libuv/1*/lib";
				OTHER_CPLUSPLUSFLAGS = "       -DNDEBUG   -std=c++11";
				OTHER_LDFLAGS = " -Wl,-search_paths_first -Wl,-headerpad_max_install_names  -lz -lssl -luv -luWS";
				OTHER_REZFLAGS = "";
				PRODUCT_NAME = ExtendedKF;
				SECTORDER_FLAGS = "";
				SYMROOT = "/Users/albertoescarlate/Dropbox/Udacity/_SDC_ND013/CARND-AllTerms-projects/CARND-Term2-projects/CarND-Extended-Kalman-Filter-Project/ide_profiles/xcode";
				USE_HEADERMAP = NO;
				WARNING_CFLAGS = ("-Wmost","-Wno-four-char-constants","-Wno-unknown-pragmas","$(inherited)");
			};
			name = RelWithDebInfo;
		};
		AC151A36E19A4200AB79B5B8 /* MinSizeRel */ = {
			isa = XCBuildConfiguration;
			buildSettings = {
				ONLY_ACTIVE_ARCH = YES;
				SDKROOT = /Applications/Xcode.app/Contents/Developer/Platforms/MacOSX.platform/Developer/SDKs/MacOSX10.13.sdk;
				SYMROOT = "/Users/albertoescarlate/Dropbox/Udacity/_SDC_ND013/CARND-AllTerms-projects/CARND-Term2-projects/CarND-Extended-Kalman-Filter-Project/ide_profiles/xcode/build";
			};
			name = MinSizeRel;
		};
		C32D74B6E8EA4ED895A87CC0 /* Debug */ = {
			isa = XCBuildConfiguration;
			buildSettings = {
				ONLY_ACTIVE_ARCH = YES;
				SDKROOT = /Applications/Xcode.app/Contents/Developer/Platforms/MacOSX.platform/Developer/SDKs/MacOSX10.13.sdk;
				SYMROOT = "/Users/albertoescarlate/Dropbox/Udacity/_SDC_ND013/CARND-AllTerms-projects/CARND-Term2-projects/CarND-Extended-Kalman-Filter-Project/ide_profiles/xcode/build";
			};
			name = Debug;
		};
		C3E359AD1C85409485FFE7F1 /* RelWithDebInfo */ = {
			isa = XCBuildConfiguration;
			buildSettings = {
				ONLY_ACTIVE_ARCH = YES;
				SDKROOT = /Applications/Xcode.app/Contents/Developer/Platforms/MacOSX.platform/Developer/SDKs/MacOSX10.13.sdk;
				SYMROOT = "/Users/albertoescarlate/Dropbox/Udacity/_SDC_ND013/CARND-AllTerms-projects/CARND-Term2-projects/CarND-Extended-Kalman-Filter-Project/ide_profiles/xcode/build";
			};
			name = RelWithDebInfo;
		};
		D6E8137FC3FF4F04A349CE57 /* Debug */ = {
			isa = XCBuildConfiguration;
			buildSettings = {
				COMBINE_HIDPI_IMAGES = YES;
				GCC_GENERATE_DEBUGGING_SYMBOLS = YES;
				GCC_INLINES_ARE_PRIVATE_EXTERN = NO;
				GCC_OPTIMIZATION_LEVEL = 0;
				GCC_PREPROCESSOR_DEFINITIONS = ("'CMAKE_INTDIR=\"$(CONFIGURATION)$(EFFECTIVE_PLATFORM_NAME)\"'");
				GCC_SYMBOLS_PRIVATE_EXTERN = NO;
				HEADER_SEARCH_PATHS = (/usr/local/include,/usr/local/opt/openssl/include);
				INSTALL_PATH = "";
				OTHER_LDFLAGS = " ";
				OTHER_REZFLAGS = "";
				PRODUCT_NAME = ZERO_CHECK;
				SECTORDER_FLAGS = "";
				SYMROOT = "/Users/albertoescarlate/Dropbox/Udacity/_SDC_ND013/CARND-AllTerms-projects/CARND-Term2-projects/CarND-Extended-Kalman-Filter-Project/ide_profiles/xcode";
				USE_HEADERMAP = NO;
				WARNING_CFLAGS = ("-Wmost","-Wno-four-char-constants","-Wno-unknown-pragmas","$(inherited)");
			};
			name = Debug;
		};
		ED130DFB673744228BE09AB6 /* Debug */ = {
			isa = XCBuildConfiguration;
			buildSettings = {
				COMBINE_HIDPI_IMAGES = YES;
				GCC_GENERATE_DEBUGGING_SYMBOLS = YES;
				GCC_INLINES_ARE_PRIVATE_EXTERN = NO;
				GCC_OPTIMIZATION_LEVEL = 0;
				GCC_PREPROCESSOR_DEFINITIONS = ("'CMAKE_INTDIR=\"$(CONFIGURATION)$(EFFECTIVE_PLATFORM_NAME)\"'");
				GCC_SYMBOLS_PRIVATE_EXTERN = NO;
				HEADER_SEARCH_PATHS = (/usr/local/include,/usr/local/opt/openssl/include);
				INSTALL_PATH = "";
				OTHER_LDFLAGS = " ";
				OTHER_REZFLAGS = "";
				PRODUCT_NAME = ALL_BUILD;
				SECTORDER_FLAGS = "";
				SYMROOT = "/Users/albertoescarlate/Dropbox/Udacity/_SDC_ND013/CARND-AllTerms-projects/CARND-Term2-projects/CarND-Extended-Kalman-Filter-Project/ide_profiles/xcode";
				USE_HEADERMAP = NO;
				WARNING_CFLAGS = ("-Wmost","-Wno-four-char-constants","-Wno-unknown-pragmas","$(inherited)");
			};
			name = Debug;
		};
		F78006B64FE543FFA6154894 /* MinSizeRel */ = {
			isa = XCBuildConfiguration;
			buildSettings = {
				COMBINE_HIDPI_IMAGES = YES;
				EXECUTABLE_PREFIX = "";
				EXECUTABLE_SUFFIX = "";
				GCC_GENERATE_DEBUGGING_SYMBOLS = NO;
				GCC_INLINES_ARE_PRIVATE_EXTERN = NO;
				GCC_OPTIMIZATION_LEVEL = s;
				GCC_PREPROCESSOR_DEFINITIONS = ("'CMAKE_INTDIR=\"$(CONFIGURATION)$(EFFECTIVE_PLATFORM_NAME)\"'");
				GCC_SYMBOLS_PRIVATE_EXTERN = NO;
				HEADER_SEARCH_PATHS = (/usr/local/include,/usr/local/opt/openssl/include);
				INSTALL_PATH = "";
				LD_RUNPATH_SEARCH_PATHS = "/usr/local/lib /usr/local/opt/openssl/lib /usr/local/Cellar/libuv/1*/lib";
				LIBRARY_SEARCH_PATHS = " /usr/local/lib/$(CONFIGURATION)$(EFFECTIVE_PLATFORM_NAME) /usr/local/lib /usr/local/opt/openssl/lib/$(CONFIGURATION)$(EFFECTIVE_PLATFORM_NAME) /usr/local/opt/openssl/lib /usr/local/Cellar/libuv/1*/lib/$(CONFIGURATION)$(EFFECTIVE_PLATFORM_NAME) /usr/local/Cellar/libuv/1*/lib";
				OTHER_CPLUSPLUSFLAGS = "    -DNDEBUG   -std=c++11";
				OTHER_LDFLAGS = " -Wl,-search_paths_first -Wl,-headerpad_max_install_names  -lz -lssl -luv -luWS";
				OTHER_REZFLAGS = "";
				PRODUCT_NAME = ExtendedKF;
				SECTORDER_FLAGS = "";
				SYMROOT = "/Users/albertoescarlate/Dropbox/Udacity/_SDC_ND013/CARND-AllTerms-projects/CARND-Term2-projects/CarND-Extended-Kalman-Filter-Project/ide_profiles/xcode";
				USE_HEADERMAP = NO;
				WARNING_CFLAGS = ("-Wmost","-Wno-four-char-constants","-Wno-unknown-pragmas","$(inherited)");
			};
			name = MinSizeRel;
		};
/* End XCBuildConfiguration section */

/* Begin XCConfigurationList section */
		5C6D6CB879894375A79166B0 /* Build configuration list for PBXProject "ExtendedKF" */ = {
			isa = XCConfigurationList;
			buildConfigurations = (
				C32D74B6E8EA4ED895A87CC0 /* Debug */,
				3FB4403A99D54E98B0FA54A7 /* Release */,
				AC151A36E19A4200AB79B5B8 /* MinSizeRel */,
				C3E359AD1C85409485FFE7F1 /* RelWithDebInfo */,
			);
			defaultConfigurationIsVisible = 0;
			defaultConfigurationName = Debug;
		};
		840410D7F63447D980DF0EC9 /* Build configuration list for PBXAggregateTarget "ZERO_CHECK" */ = {
			isa = XCConfigurationList;
			buildConfigurations = (
				D6E8137FC3FF4F04A349CE57 /* Debug */,
				92F6DCFADD67495B9C8DDE8C /* Release */,
				397DB61B7AD942A0A2EB3F51 /* MinSizeRel */,
				6826547B913B48E9B240E9C2 /* RelWithDebInfo */,
			);
			defaultConfigurationIsVisible = 0;
			defaultConfigurationName = Debug;
		};
		D8FC8DEA9DB34B11BC71E1EB /* Build configuration list for PBXAggregateTarget "ALL_BUILD" */ = {
			isa = XCConfigurationList;
			buildConfigurations = (
				ED130DFB673744228BE09AB6 /* Debug */,
				00B3234DA2BF441887133E80 /* Release */,
				48B01C9CD8DC4DEC91A1F5A8 /* MinSizeRel */,
				8644EE1F8C004ACBA9FAEBB0 /* RelWithDebInfo */,
			);
			defaultConfigurationIsVisible = 0;
			defaultConfigurationName = Debug;
		};
		EDD964230A21446395E3B2EF /* Build configuration list for PBXNativeTarget "ExtendedKF" */ = {
			isa = XCConfigurationList;
			buildConfigurations = (
				7695AECD60E14DD392F08192 /* Debug */,
				7FE884687C7B4CEBB4CA333D /* Release */,
				F78006B64FE543FFA6154894 /* MinSizeRel */,
				9C1D906272B7460AA5340AB4 /* RelWithDebInfo */,
			);
			defaultConfigurationIsVisible = 0;
			defaultConfigurationName = Debug;
		};
/* End XCConfigurationList section */
	};
	rootObject = 4B625A8C350D460BA27E624F /* Project object */;
}
