// !$*UTF8*$!
{
	archiveVersion = 1;
	classes = {
	};
	objectVersion = 46;
	objects = {

/* Begin PBXAggregateTarget section */
		DD2A2FD19D244F5CA5FE6F9D /* ZERO_CHECK */ = {
			isa = PBXAggregateTarget;
			buildConfigurationList = B27529C48D2C4927B540AA08 /* Build configuration list for PBXAggregateTarget "ZERO_CHECK" */;
			buildPhases = (
				A2820AE4F58A4490BF97745E /* CMake Rules */,
			);
			dependencies = (
			);
			name = ZERO_CHECK;
			productName = ZERO_CHECK;
		};
		EDDDC0FEBEE0411CADD10474 /* ALL_BUILD */ = {
			isa = PBXAggregateTarget;
			buildConfigurationList = E60BA9881CC94D919D44B46D /* Build configuration list for PBXAggregateTarget "ALL_BUILD" */;
			buildPhases = (
				E2C6527BFC4040ACA3CA8999 /* CMake Rules */,
			);
			dependencies = (
				B6A5DC4AA7F84AEA82960542 /* PBXTargetDependency */,
				EA92EBEE282648DBB0521374 /* PBXTargetDependency */,
			);
			name = ALL_BUILD;
			productName = ALL_BUILD;
		};
/* End PBXAggregateTarget section */

/* Begin PBXBuildFile section */
		18A52B2B5C0E41899D20094C /* /Users/albertoescarlate/Dropbox/Udacity/_SDC_ND013/CARND-AllTerms-projects/CARND-Term3-projects/P11_CarND-Path-Planning-Project/src/main.cpp */ = {isa = PBXBuildFile; fileRef = 655B4574276F48B1AF8AF70A /* /Users/albertoescarlate/Dropbox/Udacity/_SDC_ND013/CARND-AllTerms-projects/CARND-Term3-projects/P11_CarND-Path-Planning-Project/src/main.cpp */; };
		55142EEFAC6B424FB8675EE3 /* /Users/albertoescarlate/Dropbox/Udacity/_SDC_ND013/CARND-AllTerms-projects/CARND-Term3-projects/P11_CarND-Path-Planning-Project/CMakeLists.txt */ = {isa = PBXBuildFile; fileRef = 3F2C5E5A4AA140A5A2D8DCBD /* /Users/albertoescarlate/Dropbox/Udacity/_SDC_ND013/CARND-AllTerms-projects/CARND-Term3-projects/P11_CarND-Path-Planning-Project/CMakeLists.txt */; };
/* End PBXBuildFile section */

/* Begin PBXBuildStyle section */
		2D044736F99448E2B18712D3 /* Debug */ = {
			isa = PBXBuildStyle;
			buildSettings = {
				COPY_PHASE_STRIP = NO;
			};
			name = Debug;
		};
		700C7811475440BC9B5C159D /* MinSizeRel */ = {
			isa = PBXBuildStyle;
			buildSettings = {
				COPY_PHASE_STRIP = NO;
			};
			name = MinSizeRel;
		};
		7EFE1553B290401D8B34491A /* Release */ = {
			isa = PBXBuildStyle;
			buildSettings = {
				COPY_PHASE_STRIP = NO;
			};
			name = Release;
		};
		907B75F919514F19A68F6B2B /* RelWithDebInfo */ = {
			isa = PBXBuildStyle;
			buildSettings = {
				COPY_PHASE_STRIP = NO;
			};
			name = RelWithDebInfo;
		};
/* End PBXBuildStyle section */

/* Begin PBXContainerItemProxy section */
		2B7F344E391F484DB79FDD80 /* PBXContainerItemProxy */ = {
			isa = PBXContainerItemProxy;
			containerPortal = F63CA977C8844150A4898127 /* Project object */;
			proxyType = 1;
			remoteGlobalIDString = DD2A2FD19D244F5CA5FE6F9D;
			remoteInfo = ZERO_CHECK;
		};
		A425419FB2BC4E13915C8646 /* PBXContainerItemProxy */ = {
			isa = PBXContainerItemProxy;
			containerPortal = F63CA977C8844150A4898127 /* Project object */;
			proxyType = 1;
			remoteGlobalIDString = 3111C3E5B1624352861CF42F;
			remoteInfo = path_planning;
		};
		D782F42DA4204869898A3AC0 /* PBXContainerItemProxy */ = {
			isa = PBXContainerItemProxy;
			containerPortal = F63CA977C8844150A4898127 /* Project object */;
			proxyType = 1;
			remoteGlobalIDString = DD2A2FD19D244F5CA5FE6F9D;
			remoteInfo = ZERO_CHECK;
		};
/* End PBXContainerItemProxy section */

/* Begin PBXFileReference section */
		26AA92841F164C14AB98DA8F /* /Users/albertoescarlate/Dropbox/Udacity/_SDC_ND013/CARND-AllTerms-projects/CARND-Term3-projects/P11_CarND-Path-Planning-Project/CMakeLists.txt */ = {isa = PBXFileReference; explicitFileType = sourcecode.text; fileEncoding = 4; name = CMakeLists.txt; path = CMakeLists.txt; sourceTree = SOURCE_ROOT; };
		3F2C5E5A4AA140A5A2D8DCBD /* /Users/albertoescarlate/Dropbox/Udacity/_SDC_ND013/CARND-AllTerms-projects/CARND-Term3-projects/P11_CarND-Path-Planning-Project/CMakeLists.txt */ = {isa = PBXFileReference; explicitFileType = sourcecode.text; fileEncoding = 4; name = CMakeLists.txt; path = CMakeLists.txt; sourceTree = SOURCE_ROOT; };
		655B4574276F48B1AF8AF70A /* /Users/albertoescarlate/Dropbox/Udacity/_SDC_ND013/CARND-AllTerms-projects/CARND-Term3-projects/P11_CarND-Path-Planning-Project/src/main.cpp */ = {isa = PBXFileReference; explicitFileType = sourcecode.cpp.cpp; fileEncoding = 4; name = main.cpp; path = src/main.cpp; sourceTree = SOURCE_ROOT; };
		DF311444E8974CDFA897517E /* /Users/albertoescarlate/Dropbox/Udacity/_SDC_ND013/CARND-AllTerms-projects/CARND-Term3-projects/P11_CarND-Path-Planning-Project/CMakeLists.txt */ = {isa = PBXFileReference; explicitFileType = sourcecode.text; fileEncoding = 4; name = CMakeLists.txt; path = CMakeLists.txt; sourceTree = SOURCE_ROOT; };
		E9284C14AE294F35911E36B4 /* path_planning */ = {isa = PBXFileReference; explicitFileType = "compiled.mach-o.executable"; path = path_planning; sourceTree = BUILT_PRODUCTS_DIR; };
/* End PBXFileReference section */

/* Begin PBXGroup section */
		056D604E8F464F59BFADCB07 /* ALL_BUILD */ = {
			isa = PBXGroup;
			children = (
				7C69B4B6E1E449DD93B0931C /* CMake Rules */,
				26AA92841F164C14AB98DA8F /* /Users/albertoescarlate/Dropbox/Udacity/_SDC_ND013/CARND-AllTerms-projects/CARND-Term3-projects/P11_CarND-Path-Planning-Project/CMakeLists.txt */,
			);
			name = ALL_BUILD;
			sourceTree = "<group>";
		};
		057E24F058EF401DB1BEDCF3 = {
			isa = PBXGroup;
			children = (
				CF96BF3CF6304EE6AC6446E6 /* path_planning */,
				056D604E8F464F59BFADCB07 /* ALL_BUILD */,
				59180E5AA36C4119991C4314 /* ZERO_CHECK */,
				9213EC3872434C67BF379FF8 /* Products */,
			);
			sourceTree = "<group>";
		};
		59180E5AA36C4119991C4314 /* ZERO_CHECK */ = {
			isa = PBXGroup;
			children = (
				6850E834CC6C43DFAC4525A1 /* CMake Rules */,
				DF311444E8974CDFA897517E /* /Users/albertoescarlate/Dropbox/Udacity/_SDC_ND013/CARND-AllTerms-projects/CARND-Term3-projects/P11_CarND-Path-Planning-Project/CMakeLists.txt */,
			);
			name = ZERO_CHECK;
			sourceTree = "<group>";
		};
		6850E834CC6C43DFAC4525A1 /* CMake Rules */ = {
			isa = PBXGroup;
			children = (
			);
			name = "CMake Rules";
			sourceTree = "<group>";
		};
		7C69B4B6E1E449DD93B0931C /* CMake Rules */ = {
			isa = PBXGroup;
			children = (
			);
			name = "CMake Rules";
			sourceTree = "<group>";
		};
		9213EC3872434C67BF379FF8 /* Products */ = {
			isa = PBXGroup;
			children = (
				E9284C14AE294F35911E36B4 /* path_planning */,
			);
			name = Products;
			sourceTree = "<group>";
		};
		981B8FC696E14333BF77C54B /* Source Files */ = {
			isa = PBXGroup;
			children = (
				655B4574276F48B1AF8AF70A /* /Users/albertoescarlate/Dropbox/Udacity/_SDC_ND013/CARND-AllTerms-projects/CARND-Term3-projects/P11_CarND-Path-Planning-Project/src/main.cpp */,
			);
			name = "Source Files";
			sourceTree = "<group>";
		};
		CF96BF3CF6304EE6AC6446E6 /* path_planning */ = {
			isa = PBXGroup;
			children = (
				981B8FC696E14333BF77C54B /* Source Files */,
				3F2C5E5A4AA140A5A2D8DCBD /* /Users/albertoescarlate/Dropbox/Udacity/_SDC_ND013/CARND-AllTerms-projects/CARND-Term3-projects/P11_CarND-Path-Planning-Project/CMakeLists.txt */,
			);
			name = path_planning;
			sourceTree = "<group>";
		};
/* End PBXGroup section */

/* Begin PBXNativeTarget section */
		3111C3E5B1624352861CF42F /* path_planning */ = {
			isa = PBXNativeTarget;
			buildConfigurationList = 8884B4C298844820BFFA90EF /* Build configuration list for PBXNativeTarget "path_planning" */;
			buildPhases = (
				DCFBB9B038164EC0AE5142AF /* Sources */,
			);
			buildRules = (
			);
			dependencies = (
				0F5E6292409047CEA51C0A9F /* PBXTargetDependency */,
			);
			name = path_planning;
			productName = path_planning;
			productReference = E9284C14AE294F35911E36B4 /* path_planning */;
			productType = "com.apple.product-type.tool";
		};
/* End PBXNativeTarget section */

/* Begin PBXProject section */
		F63CA977C8844150A4898127 /* Project object */ = {
			isa = PBXProject;
			attributes = {
				BuildIndependentTargetsInParallel = YES;
				LastUpgradeCheck = 0920;
			};
			buildConfigurationList = 010C62E485514904AC51EFC6 /* Build configuration list for PBXProject "Path_Planning" */;
			buildSettings = {
			};
			buildStyles = (
				2D044736F99448E2B18712D3 /* Debug */,
				7EFE1553B290401D8B34491A /* Release */,
				700C7811475440BC9B5C159D /* MinSizeRel */,
				907B75F919514F19A68F6B2B /* RelWithDebInfo */,
			);
			compatibilityVersion = "Xcode 3.2";
			hasScannedForEncodings = 0;
			mainGroup = 057E24F058EF401DB1BEDCF3;
			projectDirPath = .;
			projectRoot = "";
			targets = (
				EDDDC0FEBEE0411CADD10474 /* ALL_BUILD */,
				DD2A2FD19D244F5CA5FE6F9D /* ZERO_CHECK */,
				3111C3E5B1624352861CF42F /* path_planning */,
			);
		};
/* End PBXProject section */

/* Begin PBXShellScriptBuildPhase section */
		15A515338544404B89716FE7 = {
			isa = PBXShellScriptBuildPhase;
			buildActionMask = 2147483647;
			files = (
			);
			inputPaths = (
			);
			outputPaths = (
			);
			runOnlyForDeploymentPostprocessing = 0;
			shellPath = /bin/sh;
			shellScript = "# shell script goes here
exit 0";
			showEnvVarsInLog = 0;
		};
		A2820AE4F58A4490BF97745E /* CMake Rules */ = {
			isa = PBXShellScriptBuildPhase;
			buildActionMask = 2147483647;
			files = (
			);
			name = "CMake Rules";
			runOnlyForDeploymentPostprocessing = 0;
			shellPath = /bin/sh;
			shellScript = "make -C /Users/albertoescarlate/Dropbox/Udacity/_SDC_ND013/CARND-AllTerms-projects/CARND-Term3-projects/P11_CarND-Path-Planning-Project -f /Users/albertoescarlate/Dropbox/Udacity/_SDC_ND013/CARND-AllTerms-projects/CARND-Term3-projects/P11_CarND-Path-Planning-Project/CMakeScripts/ZERO_CHECK_cmakeRulesBuildPhase.make$CONFIGURATION all";
			showEnvVarsInLog = 0;
		};
		CC91115150F1471BB86B050E = {
			isa = PBXShellScriptBuildPhase;
			buildActionMask = 2147483647;
			files = (
			);
			inputPaths = (
			);
			outputPaths = (
			);
			runOnlyForDeploymentPostprocessing = 0;
			shellPath = /bin/sh;
			shellScript = "# shell script goes here
exit 0";
			showEnvVarsInLog = 0;
		};
		E2C6527BFC4040ACA3CA8999 /* CMake Rules */ = {
			isa = PBXShellScriptBuildPhase;
			buildActionMask = 2147483647;
			files = (
			);
			name = "CMake Rules";
			runOnlyForDeploymentPostprocessing = 0;
			shellPath = /bin/sh;
			shellScript = "make -C /Users/albertoescarlate/Dropbox/Udacity/_SDC_ND013/CARND-AllTerms-projects/CARND-Term3-projects/P11_CarND-Path-Planning-Project -f /Users/albertoescarlate/Dropbox/Udacity/_SDC_ND013/CARND-AllTerms-projects/CARND-Term3-projects/P11_CarND-Path-Planning-Project/CMakeScripts/ALL_BUILD_cmakeRulesBuildPhase.make$CONFIGURATION all";
			showEnvVarsInLog = 0;
		};
/* End PBXShellScriptBuildPhase section */

/* Begin PBXSourcesBuildPhase section */
		DCFBB9B038164EC0AE5142AF /* Sources */ = {
			isa = PBXSourcesBuildPhase;
			buildActionMask = 2147483647;
			files = (
				18A52B2B5C0E41899D20094C /* /Users/albertoescarlate/Dropbox/Udacity/_SDC_ND013/CARND-AllTerms-projects/CARND-Term3-projects/P11_CarND-Path-Planning-Project/src/main.cpp */,
			);
			runOnlyForDeploymentPostprocessing = 0;
		};
/* End PBXSourcesBuildPhase section */

/* Begin PBXTargetDependency section */
		0F5E6292409047CEA51C0A9F /* PBXTargetDependency */ = {
			isa = PBXTargetDependency;
			target = DD2A2FD19D244F5CA5FE6F9D /* ZERO_CHECK */;
			targetProxy = D782F42DA4204869898A3AC0 /* PBXContainerItemProxy */;
		};
		B6A5DC4AA7F84AEA82960542 /* PBXTargetDependency */ = {
			isa = PBXTargetDependency;
			target = 3111C3E5B1624352861CF42F /* path_planning */;
			targetProxy = A425419FB2BC4E13915C8646 /* PBXContainerItemProxy */;
		};
		EA92EBEE282648DBB0521374 /* PBXTargetDependency */ = {
			isa = PBXTargetDependency;
			target = DD2A2FD19D244F5CA5FE6F9D /* ZERO_CHECK */;
			targetProxy = 2B7F344E391F484DB79FDD80 /* PBXContainerItemProxy */;
		};
/* End PBXTargetDependency section */

/* Begin XCBuildConfiguration section */
		115EE870FC044859B5E460D6 /* RelWithDebInfo */ = {
			isa = XCBuildConfiguration;
			buildSettings = {
				ONLY_ACTIVE_ARCH = YES;
				SDKROOT = /Applications/Xcode.app/Contents/Developer/Platforms/MacOSX.platform/Developer/SDKs/MacOSX10.13.sdk;
				SYMROOT = "/Users/albertoescarlate/Dropbox/Udacity/_SDC_ND013/CARND-AllTerms-projects/CARND-Term3-projects/P11_CarND-Path-Planning-Project/build";
			};
			name = RelWithDebInfo;
		};
		15F51BB5FC1F4BE9B369AFB6 /* Debug */ = {
			isa = XCBuildConfiguration;
			buildSettings = {
				COMBINE_HIDPI_IMAGES = YES;
				GCC_GENERATE_DEBUGGING_SYMBOLS = YES;
				GCC_INLINES_ARE_PRIVATE_EXTERN = NO;
				GCC_OPTIMIZATION_LEVEL = 0;
				GCC_PREPROCESSOR_DEFINITIONS = ("'CMAKE_INTDIR=\"$(CONFIGURATION)$(EFFECTIVE_PLATFORM_NAME)\"'");
				GCC_SYMBOLS_PRIVATE_EXTERN = NO;
				HEADER_SEARCH_PATHS = (/usr/local/include,/usr/local/opt/openssl/include);
				INSTALL_PATH = "";
				OTHER_LDFLAGS = " ";
				OTHER_REZFLAGS = "";
				PRODUCT_NAME = ALL_BUILD;
				SECTORDER_FLAGS = "";
				SYMROOT = "/Users/albertoescarlate/Dropbox/Udacity/_SDC_ND013/CARND-AllTerms-projects/CARND-Term3-projects/P11_CarND-Path-Planning-Project";
				USE_HEADERMAP = NO;
				WARNING_CFLAGS = ("-Wmost","-Wno-four-char-constants","-Wno-unknown-pragmas","$(inherited)");
			};
			name = Debug;
		};
		178DE7286FBA40F580CF18D9 /* Debug */ = {
			isa = XCBuildConfiguration;
			buildSettings = {
				COMBINE_HIDPI_IMAGES = YES;
				EXECUTABLE_PREFIX = "";
				EXECUTABLE_SUFFIX = "";
				GCC_GENERATE_DEBUGGING_SYMBOLS = YES;
				GCC_INLINES_ARE_PRIVATE_EXTERN = NO;
				GCC_OPTIMIZATION_LEVEL = 0;
				GCC_PREPROCESSOR_DEFINITIONS = ("'CMAKE_INTDIR=\"$(CONFIGURATION)$(EFFECTIVE_PLATFORM_NAME)\"'");
				GCC_SYMBOLS_PRIVATE_EXTERN = NO;
				HEADER_SEARCH_PATHS = (/usr/local/include,/usr/local/opt/openssl/include);
				INSTALL_PATH = "";
				LD_RUNPATH_SEARCH_PATHS = "/usr/local/lib /usr/local/opt/openssl/lib /usr/local/Cellar/libuv/1.11.0/lib";
				LIBRARY_SEARCH_PATHS = " /usr/local/lib/$(CONFIGURATION)$(EFFECTIVE_PLATFORM_NAME) /usr/local/lib /usr/local/opt/openssl/lib/$(CONFIGURATION)$(EFFECTIVE_PLATFORM_NAME) /usr/local/opt/openssl/lib /usr/local/Cellar/libuv/1.11.0/lib/$(CONFIGURATION)$(EFFECTIVE_PLATFORM_NAME) /usr/local/Cellar/libuv/1.11.0/lib";
				OTHER_CPLUSPLUSFLAGS = "     -std=c++11";
				OTHER_LDFLAGS = " -Wl,-search_paths_first -Wl,-headerpad_max_install_names  -lz -lssl -luv -luWS";
				OTHER_REZFLAGS = "";
				PRODUCT_NAME = path_planning;
				SECTORDER_FLAGS = "";
				SYMROOT = "/Users/albertoescarlate/Dropbox/Udacity/_SDC_ND013/CARND-AllTerms-projects/CARND-Term3-projects/P11_CarND-Path-Planning-Project";
				USE_HEADERMAP = NO;
				WARNING_CFLAGS = ("-Wmost","-Wno-four-char-constants","-Wno-unknown-pragmas","$(inherited)");
			};
			name = Debug;
		};
		2A9D4784ADC84692A8628139 /* RelWithDebInfo */ = {
			isa = XCBuildConfiguration;
			buildSettings = {
				COMBINE_HIDPI_IMAGES = YES;
				EXECUTABLE_PREFIX = "";
				EXECUTABLE_SUFFIX = "";
				GCC_GENERATE_DEBUGGING_SYMBOLS = YES;
				GCC_INLINES_ARE_PRIVATE_EXTERN = NO;
				GCC_OPTIMIZATION_LEVEL = 2;
				GCC_PREPROCESSOR_DEFINITIONS = ("'CMAKE_INTDIR=\"$(CONFIGURATION)$(EFFECTIVE_PLATFORM_NAME)\"'");
				GCC_SYMBOLS_PRIVATE_EXTERN = NO;
				HEADER_SEARCH_PATHS = (/usr/local/include,/usr/local/opt/openssl/include);
				INSTALL_PATH = "";
				LD_RUNPATH_SEARCH_PATHS = "/usr/local/lib /usr/local/opt/openssl/lib /usr/local/Cellar/libuv/1.11.0/lib";
				LIBRARY_SEARCH_PATHS = " /usr/local/lib/$(CONFIGURATION)$(EFFECTIVE_PLATFORM_NAME) /usr/local/lib /usr/local/opt/openssl/lib/$(CONFIGURATION)$(EFFECTIVE_PLATFORM_NAME) /usr/local/opt/openssl/lib /usr/local/Cellar/libuv/1.11.0/lib/$(CONFIGURATION)$(EFFECTIVE_PLATFORM_NAME) /usr/local/Cellar/libuv/1.11.0/lib";
				OTHER_CPLUSPLUSFLAGS = "       -DNDEBUG   -std=c++11";
				OTHER_LDFLAGS = " -Wl,-search_paths_first -Wl,-headerpad_max_install_names  -lz -lssl -luv -luWS";
				OTHER_REZFLAGS = "";
				PRODUCT_NAME = path_planning;
				SECTORDER_FLAGS = "";
				SYMROOT = "/Users/albertoescarlate/Dropbox/Udacity/_SDC_ND013/CARND-AllTerms-projects/CARND-Term3-projects/P11_CarND-Path-Planning-Project";
				USE_HEADERMAP = NO;
				WARNING_CFLAGS = ("-Wmost","-Wno-four-char-constants","-Wno-unknown-pragmas","$(inherited)");
			};
			name = RelWithDebInfo;
		};
		2CB0AFE9B80A42189C6F099D /* MinSizeRel */ = {
			isa = XCBuildConfiguration;
			buildSettings = {
				COMBINE_HIDPI_IMAGES = YES;
				EXECUTABLE_PREFIX = "";
				EXECUTABLE_SUFFIX = "";
				GCC_GENERATE_DEBUGGING_SYMBOLS = NO;
				GCC_INLINES_ARE_PRIVATE_EXTERN = NO;
				GCC_OPTIMIZATION_LEVEL = s;
				GCC_PREPROCESSOR_DEFINITIONS = ("'CMAKE_INTDIR=\"$(CONFIGURATION)$(EFFECTIVE_PLATFORM_NAME)\"'");
				GCC_SYMBOLS_PRIVATE_EXTERN = NO;
				HEADER_SEARCH_PATHS = (/usr/local/include,/usr/local/opt/openssl/include);
				INSTALL_PATH = "";
				LD_RUNPATH_SEARCH_PATHS = "/usr/local/lib /usr/local/opt/openssl/lib /usr/local/Cellar/libuv/1.11.0/lib";
				LIBRARY_SEARCH_PATHS = " /usr/local/lib/$(CONFIGURATION)$(EFFECTIVE_PLATFORM_NAME) /usr/local/lib /usr/local/opt/openssl/lib/$(CONFIGURATION)$(EFFECTIVE_PLATFORM_NAME) /usr/local/opt/openssl/lib /usr/local/Cellar/libuv/1.11.0/lib/$(CONFIGURATION)$(EFFECTIVE_PLATFORM_NAME) /usr/local/Cellar/libuv/1.11.0/lib";
				OTHER_CPLUSPLUSFLAGS = "    -DNDEBUG   -std=c++11";
				OTHER_LDFLAGS = " -Wl,-search_paths_first -Wl,-headerpad_max_install_names  -lz -lssl -luv -luWS";
				OTHER_REZFLAGS = "";
				PRODUCT_NAME = path_planning;
				SECTORDER_FLAGS = "";
				SYMROOT = "/Users/albertoescarlate/Dropbox/Udacity/_SDC_ND013/CARND-AllTerms-projects/CARND-Term3-projects/P11_CarND-Path-Planning-Project";
				USE_HEADERMAP = NO;
				WARNING_CFLAGS = ("-Wmost","-Wno-four-char-constants","-Wno-unknown-pragmas","$(inherited)");
			};
			name = MinSizeRel;
		};
		4D2BDAE18E2D438CB2F92329 /* Debug */ = {
			isa = XCBuildConfiguration;
			buildSettings = {
				COMBINE_HIDPI_IMAGES = YES;
				GCC_GENERATE_DEBUGGING_SYMBOLS = YES;
				GCC_INLINES_ARE_PRIVATE_EXTERN = NO;
				GCC_OPTIMIZATION_LEVEL = 0;
				GCC_PREPROCESSOR_DEFINITIONS = ("'CMAKE_INTDIR=\"$(CONFIGURATION)$(EFFECTIVE_PLATFORM_NAME)\"'");
				GCC_SYMBOLS_PRIVATE_EXTERN = NO;
				HEADER_SEARCH_PATHS = (/usr/local/include,/usr/local/opt/openssl/include);
				INSTALL_PATH = "";
				OTHER_LDFLAGS = " ";
				OTHER_REZFLAGS = "";
				PRODUCT_NAME = ZERO_CHECK;
				SECTORDER_FLAGS = "";
				SYMROOT = "/Users/albertoescarlate/Dropbox/Udacity/_SDC_ND013/CARND-AllTerms-projects/CARND-Term3-projects/P11_CarND-Path-Planning-Project";
				USE_HEADERMAP = NO;
				WARNING_CFLAGS = ("-Wmost","-Wno-four-char-constants","-Wno-unknown-pragmas","$(inherited)");
			};
			name = Debug;
		};
		79249478E0C749CB878C00D1 /* Release */ = {
			isa = XCBuildConfiguration;
			buildSettings = {
				COMBINE_HIDPI_IMAGES = YES;
				GCC_GENERATE_DEBUGGING_SYMBOLS = YES;
				GCC_INLINES_ARE_PRIVATE_EXTERN = NO;
				GCC_OPTIMIZATION_LEVEL = 0;
				GCC_PREPROCESSOR_DEFINITIONS = ("'CMAKE_INTDIR=\"$(CONFIGURATION)$(EFFECTIVE_PLATFORM_NAME)\"'");
				GCC_SYMBOLS_PRIVATE_EXTERN = NO;
				HEADER_SEARCH_PATHS = (/usr/local/include,/usr/local/opt/openssl/include);
				INSTALL_PATH = "";
				OTHER_LDFLAGS = " ";
				OTHER_REZFLAGS = "";
				PRODUCT_NAME = ALL_BUILD;
				SECTORDER_FLAGS = "";
				SYMROOT = "/Users/albertoescarlate/Dropbox/Udacity/_SDC_ND013/CARND-AllTerms-projects/CARND-Term3-projects/P11_CarND-Path-Planning-Project";
				USE_HEADERMAP = NO;
				WARNING_CFLAGS = ("-Wmost","-Wno-four-char-constants","-Wno-unknown-pragmas","$(inherited)");
			};
			name = Release;
		};
		86BD985C4417471987D492B6 /* MinSizeRel */ = {
			isa = XCBuildConfiguration;
			buildSettings = {
				COMBINE_HIDPI_IMAGES = YES;
				GCC_GENERATE_DEBUGGING_SYMBOLS = YES;
				GCC_INLINES_ARE_PRIVATE_EXTERN = NO;
				GCC_OPTIMIZATION_LEVEL = 0;
				GCC_PREPROCESSOR_DEFINITIONS = ("'CMAKE_INTDIR=\"$(CONFIGURATION)$(EFFECTIVE_PLATFORM_NAME)\"'");
				GCC_SYMBOLS_PRIVATE_EXTERN = NO;
				HEADER_SEARCH_PATHS = (/usr/local/include,/usr/local/opt/openssl/include);
				INSTALL_PATH = "";
				OTHER_LDFLAGS = " ";
				OTHER_REZFLAGS = "";
				PRODUCT_NAME = ALL_BUILD;
				SECTORDER_FLAGS = "";
				SYMROOT = "/Users/albertoescarlate/Dropbox/Udacity/_SDC_ND013/CARND-AllTerms-projects/CARND-Term3-projects/P11_CarND-Path-Planning-Project";
				USE_HEADERMAP = NO;
				WARNING_CFLAGS = ("-Wmost","-Wno-four-char-constants","-Wno-unknown-pragmas","$(inherited)");
			};
			name = MinSizeRel;
		};
		9138C2FF7B6342CF8DA972D5 /* RelWithDebInfo */ = {
			isa = XCBuildConfiguration;
			buildSettings = {
				COMBINE_HIDPI_IMAGES = YES;
				GCC_GENERATE_DEBUGGING_SYMBOLS = YES;
				GCC_INLINES_ARE_PRIVATE_EXTERN = NO;
				GCC_OPTIMIZATION_LEVEL = 0;
				GCC_PREPROCESSOR_DEFINITIONS = ("'CMAKE_INTDIR=\"$(CONFIGURATION)$(EFFECTIVE_PLATFORM_NAME)\"'");
				GCC_SYMBOLS_PRIVATE_EXTERN = NO;
				HEADER_SEARCH_PATHS = (/usr/local/include,/usr/local/opt/openssl/include);
				INSTALL_PATH = "";
				OTHER_LDFLAGS = " ";
				OTHER_REZFLAGS = "";
				PRODUCT_NAME = ALL_BUILD;
				SECTORDER_FLAGS = "";
				SYMROOT = "/Users/albertoescarlate/Dropbox/Udacity/_SDC_ND013/CARND-AllTerms-projects/CARND-Term3-projects/P11_CarND-Path-Planning-Project";
				USE_HEADERMAP = NO;
				WARNING_CFLAGS = ("-Wmost","-Wno-four-char-constants","-Wno-unknown-pragmas","$(inherited)");
			};
			name = RelWithDebInfo;
		};
		94259E58263E4A62B7205910 /* Debug */ = {
			isa = XCBuildConfiguration;
			buildSettings = {
				ONLY_ACTIVE_ARCH = YES;
				SDKROOT = /Applications/Xcode.app/Contents/Developer/Platforms/MacOSX.platform/Developer/SDKs/MacOSX10.13.sdk;
				SYMROOT = "/Users/albertoescarlate/Dropbox/Udacity/_SDC_ND013/CARND-AllTerms-projects/CARND-Term3-projects/P11_CarND-Path-Planning-Project/build";
			};
			name = Debug;
		};
		9F8A20D6FFBF45048BE90E03 /* MinSizeRel */ = {
			isa = XCBuildConfiguration;
			buildSettings = {
				ONLY_ACTIVE_ARCH = YES;
				SDKROOT = /Applications/Xcode.app/Contents/Developer/Platforms/MacOSX.platform/Developer/SDKs/MacOSX10.13.sdk;
				SYMROOT = "/Users/albertoescarlate/Dropbox/Udacity/_SDC_ND013/CARND-AllTerms-projects/CARND-Term3-projects/P11_CarND-Path-Planning-Project/build";
			};
			name = MinSizeRel;
		};
		AB7D6E70DEA34609812A0F40 /* RelWithDebInfo */ = {
			isa = XCBuildConfiguration;
			buildSettings = {
				COMBINE_HIDPI_IMAGES = YES;
				GCC_GENERATE_DEBUGGING_SYMBOLS = YES;
				GCC_INLINES_ARE_PRIVATE_EXTERN = NO;
				GCC_OPTIMIZATION_LEVEL = 0;
				GCC_PREPROCESSOR_DEFINITIONS = ("'CMAKE_INTDIR=\"$(CONFIGURATION)$(EFFECTIVE_PLATFORM_NAME)\"'");
				GCC_SYMBOLS_PRIVATE_EXTERN = NO;
				HEADER_SEARCH_PATHS = (/usr/local/include,/usr/local/opt/openssl/include);
				INSTALL_PATH = "";
				OTHER_LDFLAGS = " ";
				OTHER_REZFLAGS = "";
				PRODUCT_NAME = ZERO_CHECK;
				SECTORDER_FLAGS = "";
				SYMROOT = "/Users/albertoescarlate/Dropbox/Udacity/_SDC_ND013/CARND-AllTerms-projects/CARND-Term3-projects/P11_CarND-Path-Planning-Project";
				USE_HEADERMAP = NO;
				WARNING_CFLAGS = ("-Wmost","-Wno-four-char-constants","-Wno-unknown-pragmas","$(inherited)");
			};
			name = RelWithDebInfo;
		};
		C67677E4534B4546811E8880 /* MinSizeRel */ = {
			isa = XCBuildConfiguration;
			buildSettings = {
				COMBINE_HIDPI_IMAGES = YES;
				GCC_GENERATE_DEBUGGING_SYMBOLS = YES;
				GCC_INLINES_ARE_PRIVATE_EXTERN = NO;
				GCC_OPTIMIZATION_LEVEL = 0;
				GCC_PREPROCESSOR_DEFINITIONS = ("'CMAKE_INTDIR=\"$(CONFIGURATION)$(EFFECTIVE_PLATFORM_NAME)\"'");
				GCC_SYMBOLS_PRIVATE_EXTERN = NO;
				HEADER_SEARCH_PATHS = (/usr/local/include,/usr/local/opt/openssl/include);
				INSTALL_PATH = "";
				OTHER_LDFLAGS = " ";
				OTHER_REZFLAGS = "";
				PRODUCT_NAME = ZERO_CHECK;
				SECTORDER_FLAGS = "";
				SYMROOT = "/Users/albertoescarlate/Dropbox/Udacity/_SDC_ND013/CARND-AllTerms-projects/CARND-Term3-projects/P11_CarND-Path-Planning-Project";
				USE_HEADERMAP = NO;
				WARNING_CFLAGS = ("-Wmost","-Wno-four-char-constants","-Wno-unknown-pragmas","$(inherited)");
			};
			name = MinSizeRel;
		};
		C9EE105C6C3F4B4EBD60EAD4 /* Release */ = {
			isa = XCBuildConfiguration;
			buildSettings = {
				COMBINE_HIDPI_IMAGES = YES;
				EXECUTABLE_PREFIX = "";
				EXECUTABLE_SUFFIX = "";
				GCC_GENERATE_DEBUGGING_SYMBOLS = NO;
				GCC_INLINES_ARE_PRIVATE_EXTERN = NO;
				GCC_OPTIMIZATION_LEVEL = 3;
				GCC_PREPROCESSOR_DEFINITIONS = ("'CMAKE_INTDIR=\"$(CONFIGURATION)$(EFFECTIVE_PLATFORM_NAME)\"'");
				GCC_SYMBOLS_PRIVATE_EXTERN = NO;
				HEADER_SEARCH_PATHS = (/usr/local/include,/usr/local/opt/openssl/include);
				INSTALL_PATH = "";
				LD_RUNPATH_SEARCH_PATHS = "/usr/local/lib /usr/local/opt/openssl/lib /usr/local/Cellar/libuv/1.11.0/lib";
				LIBRARY_SEARCH_PATHS = " /usr/local/lib/$(CONFIGURATION)$(EFFECTIVE_PLATFORM_NAME) /usr/local/lib /usr/local/opt/openssl/lib/$(CONFIGURATION)$(EFFECTIVE_PLATFORM_NAME) /usr/local/opt/openssl/lib /usr/local/Cellar/libuv/1.11.0/lib/$(CONFIGURATION)$(EFFECTIVE_PLATFORM_NAME) /usr/local/Cellar/libuv/1.11.0/lib";
				OTHER_CPLUSPLUSFLAGS = "    -DNDEBUG   -std=c++11";
				OTHER_LDFLAGS = " -Wl,-search_paths_first -Wl,-headerpad_max_install_names  -lz -lssl -luv -luWS";
				OTHER_REZFLAGS = "";
				PRODUCT_NAME = path_planning;
				SECTORDER_FLAGS = "";
				SYMROOT = "/Users/albertoescarlate/Dropbox/Udacity/_SDC_ND013/CARND-AllTerms-projects/CARND-Term3-projects/P11_CarND-Path-Planning-Project";
				USE_HEADERMAP = NO;
				WARNING_CFLAGS = ("-Wmost","-Wno-four-char-constants","-Wno-unknown-pragmas","$(inherited)");
			};
			name = Release;
		};
		E0709C788B3C47E081E93CC7 /* Release */ = {
			isa = XCBuildConfiguration;
			buildSettings = {
				ONLY_ACTIVE_ARCH = YES;
				SDKROOT = /Applications/Xcode.app/Contents/Developer/Platforms/MacOSX.platform/Developer/SDKs/MacOSX10.13.sdk;
				SYMROOT = "/Users/albertoescarlate/Dropbox/Udacity/_SDC_ND013/CARND-AllTerms-projects/CARND-Term3-projects/P11_CarND-Path-Planning-Project/build";
			};
			name = Release;
		};
		EEBF7CD019BC46BD9009E7C1 /* Release */ = {
			isa = XCBuildConfiguration;
			buildSettings = {
				COMBINE_HIDPI_IMAGES = YES;
				GCC_GENERATE_DEBUGGING_SYMBOLS = YES;
				GCC_INLINES_ARE_PRIVATE_EXTERN = NO;
				GCC_OPTIMIZATION_LEVEL = 0;
				GCC_PREPROCESSOR_DEFINITIONS = ("'CMAKE_INTDIR=\"$(CONFIGURATION)$(EFFECTIVE_PLATFORM_NAME)\"'");
				GCC_SYMBOLS_PRIVATE_EXTERN = NO;
				HEADER_SEARCH_PATHS = (/usr/local/include,/usr/local/opt/openssl/include);
				INSTALL_PATH = "";
				OTHER_LDFLAGS = " ";
				OTHER_REZFLAGS = "";
				PRODUCT_NAME = ZERO_CHECK;
				SECTORDER_FLAGS = "";
				SYMROOT = "/Users/albertoescarlate/Dropbox/Udacity/_SDC_ND013/CARND-AllTerms-projects/CARND-Term3-projects/P11_CarND-Path-Planning-Project";
				USE_HEADERMAP = NO;
				WARNING_CFLAGS = ("-Wmost","-Wno-four-char-constants","-Wno-unknown-pragmas","$(inherited)");
			};
			name = Release;
		};
/* End XCBuildConfiguration section */

/* Begin XCConfigurationList section */
		010C62E485514904AC51EFC6 /* Build configuration list for PBXProject "Path_Planning" */ = {
			isa = XCConfigurationList;
			buildConfigurations = (
				94259E58263E4A62B7205910 /* Debug */,
				E0709C788B3C47E081E93CC7 /* Release */,
				9F8A20D6FFBF45048BE90E03 /* MinSizeRel */,
				115EE870FC044859B5E460D6 /* RelWithDebInfo */,
			);
			defaultConfigurationIsVisible = 0;
			defaultConfigurationName = Debug;
		};
		8884B4C298844820BFFA90EF /* Build configuration list for PBXNativeTarget "path_planning" */ = {
			isa = XCConfigurationList;
			buildConfigurations = (
				178DE7286FBA40F580CF18D9 /* Debug */,
				C9EE105C6C3F4B4EBD60EAD4 /* Release */,
				2CB0AFE9B80A42189C6F099D /* MinSizeRel */,
				2A9D4784ADC84692A8628139 /* RelWithDebInfo */,
			);
			defaultConfigurationIsVisible = 0;
			defaultConfigurationName = Debug;
		};
		B27529C48D2C4927B540AA08 /* Build configuration list for PBXAggregateTarget "ZERO_CHECK" */ = {
			isa = XCConfigurationList;
			buildConfigurations = (
				4D2BDAE18E2D438CB2F92329 /* Debug */,
				EEBF7CD019BC46BD9009E7C1 /* Release */,
				C67677E4534B4546811E8880 /* MinSizeRel */,
				AB7D6E70DEA34609812A0F40 /* RelWithDebInfo */,
			);
			defaultConfigurationIsVisible = 0;
			defaultConfigurationName = Debug;
		};
		E60BA9881CC94D919D44B46D /* Build configuration list for PBXAggregateTarget "ALL_BUILD" */ = {
			isa = XCConfigurationList;
			buildConfigurations = (
				15F51BB5FC1F4BE9B369AFB6 /* Debug */,
				79249478E0C749CB878C00D1 /* Release */,
				86BD985C4417471987D492B6 /* MinSizeRel */,
				9138C2FF7B6342CF8DA972D5 /* RelWithDebInfo */,
			);
			defaultConfigurationIsVisible = 0;
			defaultConfigurationName = Debug;
		};
/* End XCConfigurationList section */
	};
	rootObject = F63CA977C8844150A4898127 /* Project object */;
}
