// !$*UTF8*$!
{
	archiveVersion = 1;
	classes = {
	};
	objectVersion = 46;
	objects = {

/* Begin PBXAggregateTarget section */
		958FB36F4D80422BB7737E40 /* ALL_BUILD */ = {
			isa = PBXAggregateTarget;
			buildConfigurationList = B3B530EC4E21468FBCEB2176 /* Build configuration list for PBXAggregateTarget "ALL_BUILD" */;
			buildPhases = (
				B4340A53F3AF4F299602FDB5 /* CMake Rules */,
			);
			dependencies = (
				749D640A08934F1FB3659B0D /* PBXTargetDependency */,
				83EA2E2DA650402D8D7BD5D0 /* PBXTargetDependency */,
			);
			name = ALL_BUILD;
			productName = ALL_BUILD;
		};
		DEEC45E56FA7408699DA30AC /* ZERO_CHECK */ = {
			isa = PBXAggregateTarget;
			buildConfigurationList = 30FE08BA6FE44A529DE74315 /* Build configuration list for PBXAggregateTarget "ZERO_CHECK" */;
			buildPhases = (
				6065DEBE3BE644DFA68D95E0 /* CMake Rules */,
			);
			dependencies = (
			);
			name = ZERO_CHECK;
			productName = ZERO_CHECK;
		};
/* End PBXAggregateTarget section */

/* Begin PBXBuildFile section */
		25D5773D18BE46029E8E18E3 /* /Users/albertoescarlate/Dropbox/Udacity/_SDC_ND013/CARND-AllTerms-projects/CARND-Term2-projects/CarND-Extended-Kalman-Filter-Project/src/FusionEKF.h */ = {isa = PBXBuildFile; fileRef = D857C8877D33441DB2B92727 /* /Users/albertoescarlate/Dropbox/Udacity/_SDC_ND013/CARND-AllTerms-projects/CARND-Term2-projects/CarND-Extended-Kalman-Filter-Project/src/FusionEKF.h */; };
		3ABF905A41BE47CFA9850B9E /* /Users/albertoescarlate/Dropbox/Udacity/_SDC_ND013/CARND-AllTerms-projects/CARND-Term2-projects/CarND-Extended-Kalman-Filter-Project/src/kalman_filter.cpp */ = {isa = PBXBuildFile; fileRef = 4C5A8F96C3254823B11415C6 /* /Users/albertoescarlate/Dropbox/Udacity/_SDC_ND013/CARND-AllTerms-projects/CARND-Term2-projects/CarND-Extended-Kalman-Filter-Project/src/kalman_filter.cpp */; };
		409743A0AD0A48849919B2EE /* /Users/albertoescarlate/Dropbox/Udacity/_SDC_ND013/CARND-AllTerms-projects/CARND-Term2-projects/CarND-Extended-Kalman-Filter-Project/src/FusionEKF.cpp */ = {isa = PBXBuildFile; fileRef = 5D06EBAEF2494963BDC3E862 /* /Users/albertoescarlate/Dropbox/Udacity/_SDC_ND013/CARND-AllTerms-projects/CARND-Term2-projects/CarND-Extended-Kalman-Filter-Project/src/FusionEKF.cpp */; };
		5024586F75A94137BFD7832D /* /Users/albertoescarlate/Dropbox/Udacity/_SDC_ND013/CARND-AllTerms-projects/CARND-Term2-projects/CarND-Extended-Kalman-Filter-Project/src/tools.h */ = {isa = PBXBuildFile; fileRef = 50EB024222BC499AA651A802 /* /Users/albertoescarlate/Dropbox/Udacity/_SDC_ND013/CARND-AllTerms-projects/CARND-Term2-projects/CarND-Extended-Kalman-Filter-Project/src/tools.h */; };
		5F2B2AB6448F48D8B40955CC /* /Users/albertoescarlate/Dropbox/Udacity/_SDC_ND013/CARND-AllTerms-projects/CARND-Term2-projects/CarND-Extended-Kalman-Filter-Project/src/tools.cpp */ = {isa = PBXBuildFile; fileRef = 4B917A43FD5D46F1A8F610C3 /* /Users/albertoescarlate/Dropbox/Udacity/_SDC_ND013/CARND-AllTerms-projects/CARND-Term2-projects/CarND-Extended-Kalman-Filter-Project/src/tools.cpp */; };
		663514C8001E4FDF99224C79 /* /Users/albertoescarlate/Dropbox/Udacity/_SDC_ND013/CARND-AllTerms-projects/CARND-Term2-projects/CarND-Extended-Kalman-Filter-Project/CMakeLists.txt */ = {isa = PBXBuildFile; fileRef = 004873EBA6444CA0979D13E3 /* /Users/albertoescarlate/Dropbox/Udacity/_SDC_ND013/CARND-AllTerms-projects/CARND-Term2-projects/CarND-Extended-Kalman-Filter-Project/CMakeLists.txt */; };
		B0B74F8FDAB94CD4BD39F154 /* /Users/albertoescarlate/Dropbox/Udacity/_SDC_ND013/CARND-AllTerms-projects/CARND-Term2-projects/CarND-Extended-Kalman-Filter-Project/src/main.cpp */ = {isa = PBXBuildFile; fileRef = 20699C8AAB8F454883601841 /* /Users/albertoescarlate/Dropbox/Udacity/_SDC_ND013/CARND-AllTerms-projects/CARND-Term2-projects/CarND-Extended-Kalman-Filter-Project/src/main.cpp */; };
		EEF1F9B6455445B29E48FAA9 /* /Users/albertoescarlate/Dropbox/Udacity/_SDC_ND013/CARND-AllTerms-projects/CARND-Term2-projects/CarND-Extended-Kalman-Filter-Project/src/kalman_filter.h */ = {isa = PBXBuildFile; fileRef = 78208708F435403BBF36B731 /* /Users/albertoescarlate/Dropbox/Udacity/_SDC_ND013/CARND-AllTerms-projects/CARND-Term2-projects/CarND-Extended-Kalman-Filter-Project/src/kalman_filter.h */; };
/* End PBXBuildFile section */

/* Begin PBXBuildStyle section */
		A0F96E21A7B7458B85BAEFEF /* RelWithDebInfo */ = {
			isa = PBXBuildStyle;
			buildSettings = {
				COPY_PHASE_STRIP = NO;
			};
			name = RelWithDebInfo;
		};
		AF074A2FD2E0457CA78BF5DC /* Release */ = {
			isa = PBXBuildStyle;
			buildSettings = {
				COPY_PHASE_STRIP = NO;
			};
			name = Release;
		};
		CF4390D7E15D46519680684B /* Debug */ = {
			isa = PBXBuildStyle;
			buildSettings = {
				COPY_PHASE_STRIP = NO;
			};
			name = Debug;
		};
		D3B60DA9B01842F28CEA504B /* MinSizeRel */ = {
			isa = PBXBuildStyle;
			buildSettings = {
				COPY_PHASE_STRIP = NO;
			};
			name = MinSizeRel;
		};
/* End PBXBuildStyle section */

/* Begin PBXContainerItemProxy section */
		4DE050CD97D340D98787BA7D /* PBXContainerItemProxy */ = {
			isa = PBXContainerItemProxy;
			containerPortal = 4B625A8C350D460BA27E624F /* Project object */;
			proxyType = 1;
			remoteGlobalIDString = 2C333C9CB5B74BF6B8FBC246;
			remoteInfo = ExtendedKF;
		};
		6DCB475FC66B4386A7BBD531 /* PBXContainerItemProxy */ = {
			isa = PBXContainerItemProxy;
			containerPortal = 4B625A8C350D460BA27E624F /* Project object */;
			proxyType = 1;
			remoteGlobalIDString = DEEC45E56FA7408699DA30AC;
			remoteInfo = ZERO_CHECK;
		};
		91C1FD87474449B0A5776897 /* PBXContainerItemProxy */ = {
			isa = PBXContainerItemProxy;
			containerPortal = 4B625A8C350D460BA27E624F /* Project object */;
			proxyType = 1;
			remoteGlobalIDString = DEEC45E56FA7408699DA30AC;
			remoteInfo = ZERO_CHECK;
		};
/* End PBXContainerItemProxy section */

/* Begin PBXFileReference section */
		004873EBA6444CA0979D13E3 /* /Users/albertoescarlate/Dropbox/Udacity/_SDC_ND013/CARND-AllTerms-projects/CARND-Term2-projects/CarND-Extended-Kalman-Filter-Project/CMakeLists.txt */ = {isa = PBXFileReference; explicitFileType = sourcecode.text; fileEncoding = 4; name = CMakeLists.txt; path = CMakeLists.txt; sourceTree = SOURCE_ROOT; };
		20699C8AAB8F454883601841 /* /Users/albertoescarlate/Dropbox/Udacity/_SDC_ND013/CARND-AllTerms-projects/CARND-Term2-projects/CarND-Extended-Kalman-Filter-Project/src/main.cpp */ = {isa = PBXFileReference; explicitFileType = sourcecode.cpp.cpp; fileEncoding = 4; name = main.cpp; path = src/main.cpp; sourceTree = SOURCE_ROOT; };
		2C444938A0674492924818B8 /* ExtendedKF */ = {isa = PBXFileReference; explicitFileType = "compiled.mach-o.executable"; path = ExtendedKF; sourceTree = BUILT_PRODUCTS_DIR; };
		4B917A43FD5D46F1A8F610C3 /* /Users/albertoescarlate/Dropbox/Udacity/_SDC_ND013/CARND-AllTerms-projects/CARND-Term2-projects/CarND-Extended-Kalman-Filter-Project/src/tools.cpp */ = {isa = PBXFileReference; explicitFileType = sourcecode.cpp.cpp; fileEncoding = 4; name = tools.cpp; path = src/tools.cpp; sourceTree = SOURCE_ROOT; };
		4C5A8F96C3254823B11415C6 /* /Users/albertoescarlate/Dropbox/Udacity/_SDC_ND013/CARND-AllTerms-projects/CARND-Term2-projects/CarND-Extended-Kalman-Filter-Project/src/kalman_filter.cpp */ = {isa = PBXFileReference; explicitFileType = sourcecode.cpp.cpp; fileEncoding = 4; name = kalman_filter.cpp; path = src/kalman_filter.cpp; sourceTree = SOURCE_ROOT; };
		4D34E83A296A4DF3B0F0EB8D /* /Users/albertoescarlate/Dropbox/Udacity/_SDC_ND013/CARND-AllTerms-projects/CARND-Term2-projects/CarND-Extended-Kalman-Filter-Project/CMakeLists.txt */ = {isa = PBXFileReference; explicitFileType = sourcecode.text; fileEncoding = 4; name = CMakeLists.txt; path = CMakeLists.txt; sourceTree = SOURCE_ROOT; };
		50EB024222BC499AA651A802 /* /Users/albertoescarlate/Dropbox/Udacity/_SDC_ND013/CARND-AllTerms-projects/CARND-Term2-projects/CarND-Extended-Kalman-Filter-Project/src/tools.h */ = {isa = PBXFileReference; explicitFileType = sourcecode.c.h; fileEncoding = 4; name = tools.h; path = src/tools.h; sourceTree = SOURCE_ROOT; };
		5D06EBAEF2494963BDC3E862 /* /Users/albertoescarlate/Dropbox/Udacity/_SDC_ND013/CARND-AllTerms-projects/CARND-Term2-projects/CarND-Extended-Kalman-Filter-Project/src/FusionEKF.cpp */ = {isa = PBXFileReference; explicitFileType = sourcecode.cpp.cpp; fileEncoding = 4; name = FusionEKF.cpp; path = src/FusionEKF.cpp; sourceTree = SOURCE_ROOT; };
		78208708F435403BBF36B731 /* /Users/albertoescarlate/Dropbox/Udacity/_SDC_ND013/CARND-AllTerms-projects/CARND-Term2-projects/CarND-Extended-Kalman-Filter-Project/src/kalman_filter.h */ = {isa = PBXFileReference; explicitFileType = sourcecode.c.h; fileEncoding = 4; name = kalman_filter.h; path = src/kalman_filter.h; sourceTree = SOURCE_ROOT; };
		D857C8877D33441DB2B92727 /* /Users/albertoescarlate/Dropbox/Udacity/_SDC_ND013/CARND-AllTerms-projects/CARND-Term2-projects/CarND-Extended-Kalman-Filter-Project/src/FusionEKF.h */ = {isa = PBXFileReference; explicitFileType = sourcecode.c.h; fileEncoding = 4; name = FusionEKF.h; path = src/FusionEKF.h; sourceTree = SOURCE_ROOT; };
		DA2BAC035E134A45B1863DA6 /* /Users/albertoescarlate/Dropbox/Udacity/_SDC_ND013/CARND-AllTerms-projects/CARND-Term2-projects/CarND-Extended-Kalman-Filter-Project/CMakeLists.txt */ = {isa = PBXFileReference; explicitFileType = sourcecode.text; fileEncoding = 4; name = CMakeLists.txt; path = CMakeLists.txt; sourceTree = SOURCE_ROOT; };
/* End PBXFileReference section */

/* Begin PBXGroup section */
		207D7359E1164D5EBF8095DE /* Source Files */ = {
			isa = PBXGroup;
			children = (
				5D06EBAEF2494963BDC3E862 /* /Users/albertoescarlate/Dropbox/Udacity/_SDC_ND013/CARND-AllTerms-projects/CARND-Term2-projects/CarND-Extended-Kalman-Filter-Project/src/FusionEKF.cpp */,
				4C5A8F96C3254823B11415C6 /* /Users/albertoescarlate/Dropbox/Udacity/_SDC_ND013/CARND-AllTerms-projects/CARND-Term2-projects/CarND-Extended-Kalman-Filter-Project/src/kalman_filter.cpp */,
				20699C8AAB8F454883601841 /* /Users/albertoescarlate/Dropbox/Udacity/_SDC_ND013/CARND-AllTerms-projects/CARND-Term2-projects/CarND-Extended-Kalman-Filter-Project/src/main.cpp */,
				4B917A43FD5D46F1A8F610C3 /* /Users/albertoescarlate/Dropbox/Udacity/_SDC_ND013/CARND-AllTerms-projects/CARND-Term2-projects/CarND-Extended-Kalman-Filter-Project/src/tools.cpp */,
			);
			name = "Source Files";
			sourceTree = "<group>";
		};
		3EEA8FF57B484AB0892BD5BF /* Header Files */ = {
			isa = PBXGroup;
			children = (
				D857C8877D33441DB2B92727 /* /Users/albertoescarlate/Dropbox/Udacity/_SDC_ND013/CARND-AllTerms-projects/CARND-Term2-projects/CarND-Extended-Kalman-Filter-Project/src/FusionEKF.h */,
				78208708F435403BBF36B731 /* /Users/albertoescarlate/Dropbox/Udacity/_SDC_ND013/CARND-AllTerms-projects/CARND-Term2-projects/CarND-Extended-Kalman-Filter-Project/src/kalman_filter.h */,
				50EB024222BC499AA651A802 /* /Users/albertoescarlate/Dropbox/Udacity/_SDC_ND013/CARND-AllTerms-projects/CARND-Term2-projects/CarND-Extended-Kalman-Filter-Project/src/tools.h */,
			);
			name = "Header Files";
			sourceTree = "<group>";
		};
		5934D8A51D95413C9AFFA631 /* ZERO_CHECK */ = {
			isa = PBXGroup;
			children = (
				DBDB6F0A68ED4B1F9AACDBB4 /* CMake Rules */,
				DA2BAC035E134A45B1863DA6 /* /Users/albertoescarlate/Dropbox/Udacity/_SDC_ND013/CARND-AllTerms-projects/CARND-Term2-projects/CarND-Extended-Kalman-Filter-Project/CMakeLists.txt */,
			);
			name = ZERO_CHECK;
			sourceTree = "<group>";
		};
		675ACE1255B74365B459C016 = {
			isa = PBXGroup;
			children = (
				C85C4A9F76294D4EBA358B2A /* ExtendedKF */,
				852090A880044E89A9057567 /* ALL_BUILD */,
				5934D8A51D95413C9AFFA631 /* ZERO_CHECK */,
				A5CC2C9485BD47DD9CA2C4BF /* Products */,
			);
			sourceTree = "<group>";
		};
		852090A880044E89A9057567 /* ALL_BUILD */ = {
			isa = PBXGroup;
			children = (
				AA51EFE96DB14678AAAC0933 /* CMake Rules */,
				4D34E83A296A4DF3B0F0EB8D /* /Users/albertoescarlate/Dropbox/Udacity/_SDC_ND013/CARND-AllTerms-projects/CARND-Term2-projects/CarND-Extended-Kalman-Filter-Project/CMakeLists.txt */,
			);
			name = ALL_BUILD;
			sourceTree = "<group>";
		};
		A5CC2C9485BD47DD9CA2C4BF /* Products */ = {
			isa = PBXGroup;
			children = (
				2C444938A0674492924818B8 /* ExtendedKF */,
			);
			name = Products;
			sourceTree = "<group>";
		};
		AA51EFE96DB14678AAAC0933 /* CMake Rules */ = {
			isa = PBXGroup;
			children = (
			);
			name = "CMake Rules";
			sourceTree = "<group>";
		};
		C85C4A9F76294D4EBA358B2A /* ExtendedKF */ = {
			isa = PBXGroup;
			children = (
				207D7359E1164D5EBF8095DE /* Source Files */,
				3EEA8FF57B484AB0892BD5BF /* Header Files */,
				004873EBA6444CA0979D13E3 /* /Users/albertoescarlate/Dropbox/Udacity/_SDC_ND013/CARND-AllTerms-projects/CARND-Term2-projects/CarND-Extended-Kalman-Filter-Project/CMakeLists.txt */,
			);
			name = ExtendedKF;
			sourceTree = "<group>";
		};
		DBDB6F0A68ED4B1F9AACDBB4 /* CMake Rules */ = {
			isa = PBXGroup;
			children = (
			);
			name = "CMake Rules";
			sourceTree = "<group>";
		};
/* End PBXGroup section */

/* Begin PBXNativeTarget section */
		2C333C9CB5B74BF6B8FBC246 /* ExtendedKF */ = {
			isa = PBXNativeTarget;
			buildConfigurationList = C5BFE38A8C95434887852416 /* Build configuration list for PBXNativeTarget "ExtendedKF" */;
			buildPhases = (
				CFE91EC0AE7641669EF337B0 /* Sources */,
			);
			buildRules = (
			);
			dependencies = (
				DFE23FC3DD1A4FF1852E7718 /* PBXTargetDependency */,
			);
			name = ExtendedKF;
			productName = ExtendedKF;
			productReference = 2C444938A0674492924818B8 /* ExtendedKF */;
			productType = "com.apple.product-type.tool";
		};
/* End PBXNativeTarget section */

/* Begin PBXProject section */
		4B625A8C350D460BA27E624F /* Project object */ = {
			isa = PBXProject;
			attributes = {
				BuildIndependentTargetsInParallel = YES;
				LastUpgradeCheck = 0910;
			};
			buildConfigurationList = 0DB32AC6245C459A93A132EF /* Build configuration list for PBXProject "ExtendedKF" */;
			buildSettings = {
			};
			buildStyles = (
				CF4390D7E15D46519680684B /* Debug */,
				AF074A2FD2E0457CA78BF5DC /* Release */,
				D3B60DA9B01842F28CEA504B /* MinSizeRel */,
				A0F96E21A7B7458B85BAEFEF /* RelWithDebInfo */,
			);
			compatibilityVersion = "Xcode 3.2";
			hasScannedForEncodings = 0;
			mainGroup = 675ACE1255B74365B459C016;
			projectDirPath = ../../;
			projectRoot = "";
			targets = (
				958FB36F4D80422BB7737E40 /* ALL_BUILD */,
				2C333C9CB5B74BF6B8FBC246 /* ExtendedKF */,
				DEEC45E56FA7408699DA30AC /* ZERO_CHECK */,
			);
		};
/* End PBXProject section */

/* Begin PBXShellScriptBuildPhase section */
		28EABE02CF734495AB092C08 = {
			isa = PBXShellScriptBuildPhase;
			buildActionMask = 2147483647;
			files = (
			);
			inputPaths = (
			);
			outputPaths = (
			);
			runOnlyForDeploymentPostprocessing = 0;
			shellPath = /bin/sh;
			shellScript = "# shell script goes here
exit 0";
			showEnvVarsInLog = 0;
		};
		43CED8592543403AA3E183AF = {
			isa = PBXShellScriptBuildPhase;
			buildActionMask = 2147483647;
			files = (
			);
			inputPaths = (
			);
			outputPaths = (
			);
			runOnlyForDeploymentPostprocessing = 0;
			shellPath = /bin/sh;
			shellScript = "# shell script goes here
exit 0";
			showEnvVarsInLog = 0;
		};
		6065DEBE3BE644DFA68D95E0 /* CMake Rules */ = {
			isa = PBXShellScriptBuildPhase;
			buildActionMask = 2147483647;
			files = (
			);
			name = "CMake Rules";
			runOnlyForDeploymentPostprocessing = 0;
			shellPath = /bin/sh;
			shellScript = "make -C /Users/albertoescarlate/Dropbox/Udacity/_SDC_ND013/CARND-AllTerms-projects/CARND-Term2-projects/CarND-Extended-Kalman-Filter-Project/ide_profiles/xcode -f /Users/albertoescarlate/Dropbox/Udacity/_SDC_ND013/CARND-AllTerms-projects/CARND-Term2-projects/CarND-Extended-Kalman-Filter-Project/ide_profiles/xcode/CMakeScripts/ZERO_CHECK_cmakeRulesBuildPhase.make$CONFIGURATION all";
			showEnvVarsInLog = 0;
		};
		B4340A53F3AF4F299602FDB5 /* CMake Rules */ = {
			isa = PBXShellScriptBuildPhase;
			buildActionMask = 2147483647;
			files = (
			);
			name = "CMake Rules";
			runOnlyForDeploymentPostprocessing = 0;
			shellPath = /bin/sh;
			shellScript = "make -C /Users/albertoescarlate/Dropbox/Udacity/_SDC_ND013/CARND-AllTerms-projects/CARND-Term2-projects/CarND-Extended-Kalman-Filter-Project/ide_profiles/xcode -f /Users/albertoescarlate/Dropbox/Udacity/_SDC_ND013/CARND-AllTerms-projects/CARND-Term2-projects/CarND-Extended-Kalman-Filter-Project/ide_profiles/xcode/CMakeScripts/ALL_BUILD_cmakeRulesBuildPhase.make$CONFIGURATION all";
			showEnvVarsInLog = 0;
		};
/* End PBXShellScriptBuildPhase section */

/* Begin PBXSourcesBuildPhase section */
		CFE91EC0AE7641669EF337B0 /* Sources */ = {
			isa = PBXSourcesBuildPhase;
			buildActionMask = 2147483647;
			files = (
				409743A0AD0A48849919B2EE /* /Users/albertoescarlate/Dropbox/Udacity/_SDC_ND013/CARND-AllTerms-projects/CARND-Term2-projects/CarND-Extended-Kalman-Filter-Project/src/FusionEKF.cpp */,
				3ABF905A41BE47CFA9850B9E /* /Users/albertoescarlate/Dropbox/Udacity/_SDC_ND013/CARND-AllTerms-projects/CARND-Term2-projects/CarND-Extended-Kalman-Filter-Project/src/kalman_filter.cpp */,
				B0B74F8FDAB94CD4BD39F154 /* /Users/albertoescarlate/Dropbox/Udacity/_SDC_ND013/CARND-AllTerms-projects/CARND-Term2-projects/CarND-Extended-Kalman-Filter-Project/src/main.cpp */,
				5F2B2AB6448F48D8B40955CC /* /Users/albertoescarlate/Dropbox/Udacity/_SDC_ND013/CARND-AllTerms-projects/CARND-Term2-projects/CarND-Extended-Kalman-Filter-Project/src/tools.cpp */,
			);
			runOnlyForDeploymentPostprocessing = 0;
		};
/* End PBXSourcesBuildPhase section */

/* Begin PBXTargetDependency section */
		749D640A08934F1FB3659B0D /* PBXTargetDependency */ = {
			isa = PBXTargetDependency;
			target = 2C333C9CB5B74BF6B8FBC246 /* ExtendedKF */;
			targetProxy = 4DE050CD97D340D98787BA7D /* PBXContainerItemProxy */;
		};
		83EA2E2DA650402D8D7BD5D0 /* PBXTargetDependency */ = {
			isa = PBXTargetDependency;
			target = DEEC45E56FA7408699DA30AC /* ZERO_CHECK */;
			targetProxy = 91C1FD87474449B0A5776897 /* PBXContainerItemProxy */;
		};
		DFE23FC3DD1A4FF1852E7718 /* PBXTargetDependency */ = {
			isa = PBXTargetDependency;
			target = DEEC45E56FA7408699DA30AC /* ZERO_CHECK */;
			targetProxy = 6DCB475FC66B4386A7BBD531 /* PBXContainerItemProxy */;
		};
/* End PBXTargetDependency section */

/* Begin XCBuildConfiguration section */
		1577BA2455B644B1BAC5A1CE /* Debug */ = {
			isa = XCBuildConfiguration;
			buildSettings = {
				ONLY_ACTIVE_ARCH = YES;
				SDKROOT = /Applications/Xcode.app/Contents/Developer/Platforms/MacOSX.platform/Developer/SDKs/MacOSX10.13.sdk;
				SYMROOT = "/Users/albertoescarlate/Dropbox/Udacity/_SDC_ND013/CARND-AllTerms-projects/CARND-Term2-projects/CarND-Extended-Kalman-Filter-Project/ide_profiles/xcode/build";
			};
			name = Debug;
		};
		1B2DBB14171047DDA141364B /* RelWithDebInfo */ = {
			isa = XCBuildConfiguration;
			buildSettings = {
				COMBINE_HIDPI_IMAGES = YES;
				GCC_GENERATE_DEBUGGING_SYMBOLS = YES;
				GCC_INLINES_ARE_PRIVATE_EXTERN = NO;
				GCC_OPTIMIZATION_LEVEL = 0;
				GCC_PREPROCESSOR_DEFINITIONS = ("'CMAKE_INTDIR=\"$(CONFIGURATION)$(EFFECTIVE_PLATFORM_NAME)\"'");
				GCC_SYMBOLS_PRIVATE_EXTERN = NO;
				HEADER_SEARCH_PATHS = (/usr/local/include,/usr/local/opt/openssl/include);
				INSTALL_PATH = "";
				OTHER_LDFLAGS = " ";
				OTHER_REZFLAGS = "";
				PRODUCT_NAME = ALL_BUILD;
				SECTORDER_FLAGS = "";
				SYMROOT = "/Users/albertoescarlate/Dropbox/Udacity/_SDC_ND013/CARND-AllTerms-projects/CARND-Term2-projects/CarND-Extended-Kalman-Filter-Project/ide_profiles/xcode";
				USE_HEADERMAP = NO;
				WARNING_CFLAGS = ("-Wmost","-Wno-four-char-constants","-Wno-unknown-pragmas","$(inherited)");
			};
			name = RelWithDebInfo;
		};
		350B8C1D41EF4686B6777B9F /* Debug */ = {
			isa = XCBuildConfiguration;
			buildSettings = {
				COMBINE_HIDPI_IMAGES = YES;
				EXECUTABLE_PREFIX = "";
				EXECUTABLE_SUFFIX = "";
				GCC_GENERATE_DEBUGGING_SYMBOLS = YES;
				GCC_INLINES_ARE_PRIVATE_EXTERN = NO;
				GCC_OPTIMIZATION_LEVEL = 0;
				GCC_PREPROCESSOR_DEFINITIONS = ("'CMAKE_INTDIR=\"$(CONFIGURATION)$(EFFECTIVE_PLATFORM_NAME)\"'");
				GCC_SYMBOLS_PRIVATE_EXTERN = NO;
				HEADER_SEARCH_PATHS = (/usr/local/include,/usr/local/opt/openssl/include);
				INSTALL_PATH = "";
				LD_RUNPATH_SEARCH_PATHS = "/usr/local/lib /usr/local/opt/openssl/lib /usr/local/Cellar/libuv/1*/lib";
				LIBRARY_SEARCH_PATHS = " /usr/local/lib/$(CONFIGURATION)$(EFFECTIVE_PLATFORM_NAME) /usr/local/lib /usr/local/opt/openssl/lib/$(CONFIGURATION)$(EFFECTIVE_PLATFORM_NAME) /usr/local/opt/openssl/lib /usr/local/Cellar/libuv/1*/lib/$(CONFIGURATION)$(EFFECTIVE_PLATFORM_NAME) /usr/local/Cellar/libuv/1*/lib";
				OTHER_CPLUSPLUSFLAGS = "     -std=c++11";
				OTHER_LDFLAGS = " -Wl,-search_paths_first -Wl,-headerpad_max_install_names  -lz -lssl -luv -luWS";
				OTHER_REZFLAGS = "";
				PRODUCT_NAME = ExtendedKF;
				SECTORDER_FLAGS = "";
				SYMROOT = "/Users/albertoescarlate/Dropbox/Udacity/_SDC_ND013/CARND-AllTerms-projects/CARND-Term2-projects/CarND-Extended-Kalman-Filter-Project/ide_profiles/xcode";
				USE_HEADERMAP = NO;
				WARNING_CFLAGS = ("-Wmost","-Wno-four-char-constants","-Wno-unknown-pragmas","$(inherited)");
			};
			name = Debug;
		};
		60E14C5513F44ACEB7EF8DB4 /* RelWithDebInfo */ = {
			isa = XCBuildConfiguration;
			buildSettings = {
				ONLY_ACTIVE_ARCH = YES;
				SDKROOT = /Applications/Xcode.app/Contents/Developer/Platforms/MacOSX.platform/Developer/SDKs/MacOSX10.13.sdk;
				SYMROOT = "/Users/albertoescarlate/Dropbox/Udacity/_SDC_ND013/CARND-AllTerms-projects/CARND-Term2-projects/CarND-Extended-Kalman-Filter-Project/ide_profiles/xcode/build";
			};
			name = RelWithDebInfo;
		};
		698058810F5546B9ABAE0F8C /* RelWithDebInfo */ = {
			isa = XCBuildConfiguration;
			buildSettings = {
				COMBINE_HIDPI_IMAGES = YES;
				GCC_GENERATE_DEBUGGING_SYMBOLS = YES;
				GCC_INLINES_ARE_PRIVATE_EXTERN = NO;
				GCC_OPTIMIZATION_LEVEL = 0;
				GCC_PREPROCESSOR_DEFINITIONS = ("'CMAKE_INTDIR=\"$(CONFIGURATION)$(EFFECTIVE_PLATFORM_NAME)\"'");
				GCC_SYMBOLS_PRIVATE_EXTERN = NO;
				HEADER_SEARCH_PATHS = (/usr/local/include,/usr/local/opt/openssl/include);
				INSTALL_PATH = "";
				OTHER_LDFLAGS = " ";
				OTHER_REZFLAGS = "";
				PRODUCT_NAME = ZERO_CHECK;
				SECTORDER_FLAGS = "";
				SYMROOT = "/Users/albertoescarlate/Dropbox/Udacity/_SDC_ND013/CARND-AllTerms-projects/CARND-Term2-projects/CarND-Extended-Kalman-Filter-Project/ide_profiles/xcode";
				USE_HEADERMAP = NO;
				WARNING_CFLAGS = ("-Wmost","-Wno-four-char-constants","-Wno-unknown-pragmas","$(inherited)");
			};
			name = RelWithDebInfo;
		};
		7386E5D91E0A45B8AF8E1D72 /* RelWithDebInfo */ = {
			isa = XCBuildConfiguration;
			buildSettings = {
				COMBINE_HIDPI_IMAGES = YES;
				EXECUTABLE_PREFIX = "";
				EXECUTABLE_SUFFIX = "";
				GCC_GENERATE_DEBUGGING_SYMBOLS = YES;
				GCC_INLINES_ARE_PRIVATE_EXTERN = NO;
				GCC_OPTIMIZATION_LEVEL = 2;
				GCC_PREPROCESSOR_DEFINITIONS = ("'CMAKE_INTDIR=\"$(CONFIGURATION)$(EFFECTIVE_PLATFORM_NAME)\"'");
				GCC_SYMBOLS_PRIVATE_EXTERN = NO;
				HEADER_SEARCH_PATHS = (/usr/local/include,/usr/local/opt/openssl/include);
				INSTALL_PATH = "";
				LD_RUNPATH_SEARCH_PATHS = "/usr/local/lib /usr/local/opt/openssl/lib /usr/local/Cellar/libuv/1*/lib";
				LIBRARY_SEARCH_PATHS = " /usr/local/lib/$(CONFIGURATION)$(EFFECTIVE_PLATFORM_NAME) /usr/local/lib /usr/local/opt/openssl/lib/$(CONFIGURATION)$(EFFECTIVE_PLATFORM_NAME) /usr/local/opt/openssl/lib /usr/local/Cellar/libuv/1*/lib/$(CONFIGURATION)$(EFFECTIVE_PLATFORM_NAME) /usr/local/Cellar/libuv/1*/lib";
				OTHER_CPLUSPLUSFLAGS = "       -DNDEBUG   -std=c++11";
				OTHER_LDFLAGS = " -Wl,-search_paths_first -Wl,-headerpad_max_install_names  -lz -lssl -luv -luWS";
				OTHER_REZFLAGS = "";
				PRODUCT_NAME = ExtendedKF;
				SECTORDER_FLAGS = "";
				SYMROOT = "/Users/albertoescarlate/Dropbox/Udacity/_SDC_ND013/CARND-AllTerms-projects/CARND-Term2-projects/CarND-Extended-Kalman-Filter-Project/ide_profiles/xcode";
				USE_HEADERMAP = NO;
				WARNING_CFLAGS = ("-Wmost","-Wno-four-char-constants","-Wno-unknown-pragmas","$(inherited)");
			};
			name = RelWithDebInfo;
		};
		75DDAAD5221A4A6296B87858 /* MinSizeRel */ = {
			isa = XCBuildConfiguration;
			buildSettings = {
				COMBINE_HIDPI_IMAGES = YES;
				GCC_GENERATE_DEBUGGING_SYMBOLS = YES;
				GCC_INLINES_ARE_PRIVATE_EXTERN = NO;
				GCC_OPTIMIZATION_LEVEL = 0;
				GCC_PREPROCESSOR_DEFINITIONS = ("'CMAKE_INTDIR=\"$(CONFIGURATION)$(EFFECTIVE_PLATFORM_NAME)\"'");
				GCC_SYMBOLS_PRIVATE_EXTERN = NO;
				HEADER_SEARCH_PATHS = (/usr/local/include,/usr/local/opt/openssl/include);
				INSTALL_PATH = "";
				OTHER_LDFLAGS = " ";
				OTHER_REZFLAGS = "";
				PRODUCT_NAME = ZERO_CHECK;
				SECTORDER_FLAGS = "";
				SYMROOT = "/Users/albertoescarlate/Dropbox/Udacity/_SDC_ND013/CARND-AllTerms-projects/CARND-Term2-projects/CarND-Extended-Kalman-Filter-Project/ide_profiles/xcode";
				USE_HEADERMAP = NO;
				WARNING_CFLAGS = ("-Wmost","-Wno-four-char-constants","-Wno-unknown-pragmas","$(inherited)");
			};
			name = MinSizeRel;
		};
		7B429674B8D842219FA34BA1 /* Debug */ = {
			isa = XCBuildConfiguration;
			buildSettings = {
				COMBINE_HIDPI_IMAGES = YES;
				GCC_GENERATE_DEBUGGING_SYMBOLS = YES;
				GCC_INLINES_ARE_PRIVATE_EXTERN = NO;
				GCC_OPTIMIZATION_LEVEL = 0;
				GCC_PREPROCESSOR_DEFINITIONS = ("'CMAKE_INTDIR=\"$(CONFIGURATION)$(EFFECTIVE_PLATFORM_NAME)\"'");
				GCC_SYMBOLS_PRIVATE_EXTERN = NO;
				HEADER_SEARCH_PATHS = (/usr/local/include,/usr/local/opt/openssl/include);
				INSTALL_PATH = "";
				OTHER_LDFLAGS = " ";
				OTHER_REZFLAGS = "";
				PRODUCT_NAME = ZERO_CHECK;
				SECTORDER_FLAGS = "";
				SYMROOT = "/Users/albertoescarlate/Dropbox/Udacity/_SDC_ND013/CARND-AllTerms-projects/CARND-Term2-projects/CarND-Extended-Kalman-Filter-Project/ide_profiles/xcode";
				USE_HEADERMAP = NO;
				WARNING_CFLAGS = ("-Wmost","-Wno-four-char-constants","-Wno-unknown-pragmas","$(inherited)");
			};
			name = Debug;
		};
		7DDE0A24328F4ECFBA628379 /* MinSizeRel */ = {
			isa = XCBuildConfiguration;
			buildSettings = {
				COMBINE_HIDPI_IMAGES = YES;
				EXECUTABLE_PREFIX = "";
				EXECUTABLE_SUFFIX = "";
				GCC_GENERATE_DEBUGGING_SYMBOLS = NO;
				GCC_INLINES_ARE_PRIVATE_EXTERN = NO;
				GCC_OPTIMIZATION_LEVEL = s;
				GCC_PREPROCESSOR_DEFINITIONS = ("'CMAKE_INTDIR=\"$(CONFIGURATION)$(EFFECTIVE_PLATFORM_NAME)\"'");
				GCC_SYMBOLS_PRIVATE_EXTERN = NO;
				HEADER_SEARCH_PATHS = (/usr/local/include,/usr/local/opt/openssl/include);
				INSTALL_PATH = "";
				LD_RUNPATH_SEARCH_PATHS = "/usr/local/lib /usr/local/opt/openssl/lib /usr/local/Cellar/libuv/1*/lib";
				LIBRARY_SEARCH_PATHS = " /usr/local/lib/$(CONFIGURATION)$(EFFECTIVE_PLATFORM_NAME) /usr/local/lib /usr/local/opt/openssl/lib/$(CONFIGURATION)$(EFFECTIVE_PLATFORM_NAME) /usr/local/opt/openssl/lib /usr/local/Cellar/libuv/1*/lib/$(CONFIGURATION)$(EFFECTIVE_PLATFORM_NAME) /usr/local/Cellar/libuv/1*/lib";
				OTHER_CPLUSPLUSFLAGS = "    -DNDEBUG   -std=c++11";
				OTHER_LDFLAGS = " -Wl,-search_paths_first -Wl,-headerpad_max_install_names  -lz -lssl -luv -luWS";
				OTHER_REZFLAGS = "";
				PRODUCT_NAME = ExtendedKF;
				SECTORDER_FLAGS = "";
				SYMROOT = "/Users/albertoescarlate/Dropbox/Udacity/_SDC_ND013/CARND-AllTerms-projects/CARND-Term2-projects/CarND-Extended-Kalman-Filter-Project/ide_profiles/xcode";
				USE_HEADERMAP = NO;
				WARNING_CFLAGS = ("-Wmost","-Wno-four-char-constants","-Wno-unknown-pragmas","$(inherited)");
			};
			name = MinSizeRel;
		};
		86388CBA49874DA298C810A0 /* Release */ = {
			isa = XCBuildConfiguration;
			buildSettings = {
				COMBINE_HIDPI_IMAGES = YES;
				GCC_GENERATE_DEBUGGING_SYMBOLS = YES;
				GCC_INLINES_ARE_PRIVATE_EXTERN = NO;
				GCC_OPTIMIZATION_LEVEL = 0;
				GCC_PREPROCESSOR_DEFINITIONS = ("'CMAKE_INTDIR=\"$(CONFIGURATION)$(EFFECTIVE_PLATFORM_NAME)\"'");
				GCC_SYMBOLS_PRIVATE_EXTERN = NO;
				HEADER_SEARCH_PATHS = (/usr/local/include,/usr/local/opt/openssl/include);
				INSTALL_PATH = "";
				OTHER_LDFLAGS = " ";
				OTHER_REZFLAGS = "";
				PRODUCT_NAME = ALL_BUILD;
				SECTORDER_FLAGS = "";
				SYMROOT = "/Users/albertoescarlate/Dropbox/Udacity/_SDC_ND013/CARND-AllTerms-projects/CARND-Term2-projects/CarND-Extended-Kalman-Filter-Project/ide_profiles/xcode";
				USE_HEADERMAP = NO;
				WARNING_CFLAGS = ("-Wmost","-Wno-four-char-constants","-Wno-unknown-pragmas","$(inherited)");
			};
			name = Release;
		};
		A1399F42CAD64759B27D271D /* MinSizeRel */ = {
			isa = XCBuildConfiguration;
			buildSettings = {
				ONLY_ACTIVE_ARCH = YES;
				SDKROOT = /Applications/Xcode.app/Contents/Developer/Platforms/MacOSX.platform/Developer/SDKs/MacOSX10.13.sdk;
				SYMROOT = "/Users/albertoescarlate/Dropbox/Udacity/_SDC_ND013/CARND-AllTerms-projects/CARND-Term2-projects/CarND-Extended-Kalman-Filter-Project/ide_profiles/xcode/build";
			};
			name = MinSizeRel;
		};
		B3FBB6F747994264A32429C1 /* Debug */ = {
			isa = XCBuildConfiguration;
			buildSettings = {
				COMBINE_HIDPI_IMAGES = YES;
				GCC_GENERATE_DEBUGGING_SYMBOLS = YES;
				GCC_INLINES_ARE_PRIVATE_EXTERN = NO;
				GCC_OPTIMIZATION_LEVEL = 0;
				GCC_PREPROCESSOR_DEFINITIONS = ("'CMAKE_INTDIR=\"$(CONFIGURATION)$(EFFECTIVE_PLATFORM_NAME)\"'");
				GCC_SYMBOLS_PRIVATE_EXTERN = NO;
				HEADER_SEARCH_PATHS = (/usr/local/include,/usr/local/opt/openssl/include);
				INSTALL_PATH = "";
				OTHER_LDFLAGS = " ";
				OTHER_REZFLAGS = "";
				PRODUCT_NAME = ALL_BUILD;
				SECTORDER_FLAGS = "";
				SYMROOT = "/Users/albertoescarlate/Dropbox/Udacity/_SDC_ND013/CARND-AllTerms-projects/CARND-Term2-projects/CarND-Extended-Kalman-Filter-Project/ide_profiles/xcode";
				USE_HEADERMAP = NO;
				WARNING_CFLAGS = ("-Wmost","-Wno-four-char-constants","-Wno-unknown-pragmas","$(inherited)");
			};
			name = Debug;
		};
		B7FFC8CB260A49AE8E862CA6 /* MinSizeRel */ = {
			isa = XCBuildConfiguration;
			buildSettings = {
				COMBINE_HIDPI_IMAGES = YES;
				GCC_GENERATE_DEBUGGING_SYMBOLS = YES;
				GCC_INLINES_ARE_PRIVATE_EXTERN = NO;
				GCC_OPTIMIZATION_LEVEL = 0;
				GCC_PREPROCESSOR_DEFINITIONS = ("'CMAKE_INTDIR=\"$(CONFIGURATION)$(EFFECTIVE_PLATFORM_NAME)\"'");
				GCC_SYMBOLS_PRIVATE_EXTERN = NO;
				HEADER_SEARCH_PATHS = (/usr/local/include,/usr/local/opt/openssl/include);
				INSTALL_PATH = "";
				OTHER_LDFLAGS = " ";
				OTHER_REZFLAGS = "";
				PRODUCT_NAME = ALL_BUILD;
				SECTORDER_FLAGS = "";
				SYMROOT = "/Users/albertoescarlate/Dropbox/Udacity/_SDC_ND013/CARND-AllTerms-projects/CARND-Term2-projects/CarND-Extended-Kalman-Filter-Project/ide_profiles/xcode";
				USE_HEADERMAP = NO;
				WARNING_CFLAGS = ("-Wmost","-Wno-four-char-constants","-Wno-unknown-pragmas","$(inherited)");
			};
			name = MinSizeRel;
		};
		D736AFCDE5464F12AAD1E330 /* Release */ = {
			isa = XCBuildConfiguration;
			buildSettings = {
				ONLY_ACTIVE_ARCH = YES;
				SDKROOT = /Applications/Xcode.app/Contents/Developer/Platforms/MacOSX.platform/Developer/SDKs/MacOSX10.13.sdk;
				SYMROOT = "/Users/albertoescarlate/Dropbox/Udacity/_SDC_ND013/CARND-AllTerms-projects/CARND-Term2-projects/CarND-Extended-Kalman-Filter-Project/ide_profiles/xcode/build";
			};
			name = Release;
		};
		FB2C3378B0EA46A4BFE50B6E /* Release */ = {
			isa = XCBuildConfiguration;
			buildSettings = {
				COMBINE_HIDPI_IMAGES = YES;
				GCC_GENERATE_DEBUGGING_SYMBOLS = YES;
				GCC_INLINES_ARE_PRIVATE_EXTERN = NO;
				GCC_OPTIMIZATION_LEVEL = 0;
				GCC_PREPROCESSOR_DEFINITIONS = ("'CMAKE_INTDIR=\"$(CONFIGURATION)$(EFFECTIVE_PLATFORM_NAME)\"'");
				GCC_SYMBOLS_PRIVATE_EXTERN = NO;
				HEADER_SEARCH_PATHS = (/usr/local/include,/usr/local/opt/openssl/include);
				INSTALL_PATH = "";
				OTHER_LDFLAGS = " ";
				OTHER_REZFLAGS = "";
				PRODUCT_NAME = ZERO_CHECK;
				SECTORDER_FLAGS = "";
				SYMROOT = "/Users/albertoescarlate/Dropbox/Udacity/_SDC_ND013/CARND-AllTerms-projects/CARND-Term2-projects/CarND-Extended-Kalman-Filter-Project/ide_profiles/xcode";
				USE_HEADERMAP = NO;
				WARNING_CFLAGS = ("-Wmost","-Wno-four-char-constants","-Wno-unknown-pragmas","$(inherited)");
			};
			name = Release;
		};
		FDF165C61D364AF480290EF8 /* Release */ = {
			isa = XCBuildConfiguration;
			buildSettings = {
				COMBINE_HIDPI_IMAGES = YES;
				EXECUTABLE_PREFIX = "";
				EXECUTABLE_SUFFIX = "";
				GCC_GENERATE_DEBUGGING_SYMBOLS = NO;
				GCC_INLINES_ARE_PRIVATE_EXTERN = NO;
				GCC_OPTIMIZATION_LEVEL = 3;
				GCC_PREPROCESSOR_DEFINITIONS = ("'CMAKE_INTDIR=\"$(CONFIGURATION)$(EFFECTIVE_PLATFORM_NAME)\"'");
				GCC_SYMBOLS_PRIVATE_EXTERN = NO;
				HEADER_SEARCH_PATHS = (/usr/local/include,/usr/local/opt/openssl/include);
				INSTALL_PATH = "";
				LD_RUNPATH_SEARCH_PATHS = "/usr/local/lib /usr/local/opt/openssl/lib /usr/local/Cellar/libuv/1*/lib";
				LIBRARY_SEARCH_PATHS = " /usr/local/lib/$(CONFIGURATION)$(EFFECTIVE_PLATFORM_NAME) /usr/local/lib /usr/local/opt/openssl/lib/$(CONFIGURATION)$(EFFECTIVE_PLATFORM_NAME) /usr/local/opt/openssl/lib /usr/local/Cellar/libuv/1*/lib/$(CONFIGURATION)$(EFFECTIVE_PLATFORM_NAME) /usr/local/Cellar/libuv/1*/lib";
				OTHER_CPLUSPLUSFLAGS = "    -DNDEBUG   -std=c++11";
				OTHER_LDFLAGS = " -Wl,-search_paths_first -Wl,-headerpad_max_install_names  -lz -lssl -luv -luWS";
				OTHER_REZFLAGS = "";
				PRODUCT_NAME = ExtendedKF;
				SECTORDER_FLAGS = "";
				SYMROOT = "/Users/albertoescarlate/Dropbox/Udacity/_SDC_ND013/CARND-AllTerms-projects/CARND-Term2-projects/CarND-Extended-Kalman-Filter-Project/ide_profiles/xcode";
				USE_HEADERMAP = NO;
				WARNING_CFLAGS = ("-Wmost","-Wno-four-char-constants","-Wno-unknown-pragmas","$(inherited)");
			};
			name = Release;
		};
/* End XCBuildConfiguration section */

/* Begin XCConfigurationList section */
		0DB32AC6245C459A93A132EF /* Build configuration list for PBXProject "ExtendedKF" */ = {
			isa = XCConfigurationList;
			buildConfigurations = (
				1577BA2455B644B1BAC5A1CE /* Debug */,
				D736AFCDE5464F12AAD1E330 /* Release */,
				A1399F42CAD64759B27D271D /* MinSizeRel */,
				60E14C5513F44ACEB7EF8DB4 /* RelWithDebInfo */,
			);
			defaultConfigurationIsVisible = 0;
			defaultConfigurationName = Debug;
		};
		30FE08BA6FE44A529DE74315 /* Build configuration list for PBXAggregateTarget "ZERO_CHECK" */ = {
			isa = XCConfigurationList;
			buildConfigurations = (
				7B429674B8D842219FA34BA1 /* Debug */,
				FB2C3378B0EA46A4BFE50B6E /* Release */,
				75DDAAD5221A4A6296B87858 /* MinSizeRel */,
				698058810F5546B9ABAE0F8C /* RelWithDebInfo */,
			);
			defaultConfigurationIsVisible = 0;
			defaultConfigurationName = Debug;
		};
		B3B530EC4E21468FBCEB2176 /* Build configuration list for PBXAggregateTarget "ALL_BUILD" */ = {
			isa = XCConfigurationList;
			buildConfigurations = (
				B3FBB6F747994264A32429C1 /* Debug */,
				86388CBA49874DA298C810A0 /* Release */,
				B7FFC8CB260A49AE8E862CA6 /* MinSizeRel */,
				1B2DBB14171047DDA141364B /* RelWithDebInfo */,
			);
			defaultConfigurationIsVisible = 0;
			defaultConfigurationName = Debug;
		};
		C5BFE38A8C95434887852416 /* Build configuration list for PBXNativeTarget "ExtendedKF" */ = {
			isa = XCConfigurationList;
			buildConfigurations = (
				350B8C1D41EF4686B6777B9F /* Debug */,
				FDF165C61D364AF480290EF8 /* Release */,
				7DDE0A24328F4ECFBA628379 /* MinSizeRel */,
				7386E5D91E0A45B8AF8E1D72 /* RelWithDebInfo */,
			);
			defaultConfigurationIsVisible = 0;
			defaultConfigurationName = Debug;
		};
/* End XCConfigurationList section */
	};
	rootObject = 4B625A8C350D460BA27E624F /* Project object */;
}
